
Microsoft Visual Studio Solution File, Format Version 12.00
# Visual Studio Version 17
VisualStudioVersion = 17.0.31903.59
MinimumVisualStudioVersion = 10.0.40219.1
Project("{2150E333-8FDC-42A3-9474-1A3956D46DE8}") = "KunstButikken.AdminService", "KunstButikken.AdminService", "{EB8C330F-80EA-841C-30F4-04C51F0D6B14}"
EndProject
Project("{FAE04EC0-301F-11D3-BF4B-00C04F79EFBC}") = "KunstButikken.AdminService", "KunstButikken.AdminService\KunstButikken.AdminService\KunstButikken.AdminService.csproj", "{12DA732E-02E7-481C-A2F3-42241AA3451C}"
EndProject
Project("{FAE04EC0-301F-11D3-BF4B-00C04F79EFBC}") = "KunstButikken.AdminService.Application", "KunstButikken.AdminService\KunstButikken.AdminService\Application\KunstButikken.AdminService.Application.csproj", "{DAF25A61-236B-45A1-9B98-A2D4034E1CA9}"
EndProject
Project("{FAE04EC0-301F-11D3-BF4B-00C04F79EFBC}") = "KunstButikken.AdminService.Domain", "KunstButikken.AdminService\KunstButikken.AdminService\Domain\KunstButikken.AdminService.Domain.csproj", "{CA707C25-F623-4F96-BF11-BFBEC71C35CD}"
EndProject
Project("{FAE04EC0-301F-11D3-BF4B-00C04F79EFBC}") = "KunstButikken.AdminService.Infrastructure", "KunstButikken.AdminService\KunstButikken.AdminService\Infrastructure\KunstButikken.AdminService.Infrastructure.csproj", "{1A1A6FF1-C129-44BE-955A-668D6ED14073}"
EndProject
Project("{2150E333-8FDC-42A3-9474-1A3956D46DE8}") = "KunstButikken.AppHost", "KunstButikken.AppHost", "{ABB53AA5-F7C2-A729-C752-6DE9C4130322}"
EndProject
Project("{FAE04EC0-301F-11D3-BF4B-00C04F79EFBC}") = "KunstButikken.AppHost", "KunstButikken.AppHost\KunstButikken.AppHost\KunstButikken.AppHost.csproj", "{D9F02C6B-5D90-42F0-A988-95A4E2CA8C3C}"
EndProject
Project("{2150E333-8FDC-42A3-9474-1A3956D46DE8}") = "KunstButikken.ArtService", "KunstButikken.ArtService", "{836A9228-B254-F07C-B988-1D5D7393311A}"
EndProject
Project("{FAE04EC0-301F-11D3-BF4B-00C04F79EFBC}") = "KunstButikken.ArtService", "KunstButikken.ArtService\KunstButikken.ArtService\KunstButikken.ArtService.csproj", "{3B67080A-3D09-4E99-B60E-840AA1EEA4E3}"
EndProject
Project("{FAE04EC0-301F-11D3-BF4B-00C04F79EFBC}") = "KunstButikken.ArtService.Application", "KunstButikken.ArtService\KunstButikken.ArtService\Application\KunstButikken.ArtService.Application.csproj", "{DEA21D7C-D7CF-4028-B266-A542EFB21AE0}"
EndProject
Project("{FAE04EC0-301F-11D3-BF4B-00C04F79EFBC}") = "KunstButikken.ArtService.Domain", "KunstButikken.ArtService\KunstButikken.ArtService\Domain\KunstButikken.ArtService.Domain.csproj", "{971E5B7E-6CB5-4DF5-A41A-491CD3AF9208}"
EndProject
Project("{FAE04EC0-301F-11D3-BF4B-00C04F79EFBC}") = "KunstButikken.ArtService.Infrastructure", "KunstButikken.ArtService\KunstButikken.ArtService\Infrastructure\KunstButikken.ArtService.Infrastructure.csproj", "{F5B6CEBD-B560-42DD-A799-04C94DEFB2E0}"
EndProject
Project("{2150E333-8FDC-42A3-9474-1A3956D46DE8}") = "KunstButikken.AuctionService", "KunstButikken.AuctionService", "{47829A7C-01DB-05F6-B759-EDD780600286}"
EndProject
Project("{FAE04EC0-301F-11D3-BF4B-00C04F79EFBC}") = "KunstButikken.AuctionService", "KunstButikken.AuctionService\KunstButikken.AuctionService\KunstButikken.AuctionService.csproj", "{8622C919-BD48-4850-AC1C-209FF3A39B7C}"
EndProject
Project("{FAE04EC0-301F-11D3-BF4B-00C04F79EFBC}") = "KunstButikken.AuctionService.Application", "KunstButikken.AuctionService\KunstButikken.AuctionService\Application\KunstButikken.AuctionService.Application.csproj", "{48D15164-FB81-4DAA-BDF7-5E0C9ABD8B1A}"
EndProject
Project("{FAE04EC0-301F-11D3-BF4B-00C04F79EFBC}") = "KunstButikken.AuctionService.Domain", "KunstButikken.AuctionService\KunstButikken.AuctionService\Domain\KunstButikken.AuctionService.Domain.csproj", "{E5F6CAFC-87AA-41CB-AF1B-EEFF9D847CDF}"
EndProject
Project("{FAE04EC0-301F-11D3-BF4B-00C04F79EFBC}") = "KunstButikken.AuctionService.Infrastructure", "KunstButikken.AuctionService\KunstButikken.AuctionService\Infrastructure\KunstButikken.AuctionService.Infrastructure.csproj", "{A032A80D-034A-45A8-8565-BD1E662D229D}"
EndProject
Project("{2150E333-8FDC-42A3-9474-1A3956D46DE8}") = "KunstButikken.AuthGateway", "KunstButikken.AuthGateway", "{2347E559-AE55-1F7F-008D-61F17BE36D69}"
EndProject
Project("{FAE04EC0-301F-11D3-BF4B-00C04F79EFBC}") = "KunstButikken.AuthGateway", "KunstButikken.AuthGateway\KunstButikken.AuthGateway\KunstButikken.AuthGateway.csproj", "{8B9226F5-1F87-44C8-88F7-82912BCC0E5D}"
EndProject
Project("{FAE04EC0-301F-11D3-BF4B-00C04F79EFBC}") = "KunstButikken.AuthGateway.Application", "KunstButikken.AuthGateway\KunstButikken.AuthGateway\Application\KunstButikken.AuthGateway.Application.csproj", "{190D849C-0659-4078-9F32-5CC378D99167}"
EndProject
Project("{FAE04EC0-301F-11D3-BF4B-00C04F79EFBC}") = "KunstButikken.AuthGateway.Domain", "KunstButikken.AuthGateway\KunstButikken.AuthGateway\Domain\KunstButikken.AuthGateway.Domain.csproj", "{5036BCEC-625B-4855-AD01-16FA8759FC96}"
EndProject
Project("{2150E333-8FDC-42A3-9474-1A3956D46DE8}") = "KunstButikken.PaymentService", "KunstButikken.PaymentService", "{6754B3BF-C746-1C8E-0D7F-DD0001758D23}"
EndProject
Project("{FAE04EC0-301F-11D3-BF4B-00C04F79EFBC}") = "KunstButikken.PaymentService", "KunstButikken.PaymentService\KunstButikken.PaymentService\KunstButikken.PaymentService.csproj", "{A1F10C11-0C1F-4FDC-A4E6-A6E73F1AD5F6}"
EndProject
Project("{FAE04EC0-301F-11D3-BF4B-00C04F79EFBC}") = "KunstButikken.PaymentService.Application", "KunstButikken.PaymentService\KunstButikken.PaymentService\Application\KunstButikken.PaymentService.Application.csproj", "{567134FF-CFB4-491B-9B8A-C641821B91D7}"
EndProject
Project("{FAE04EC0-301F-11D3-BF4B-00C04F79EFBC}") = "KunstButikken.PaymentService.Domain", "KunstButikken.PaymentService\KunstButikken.PaymentService\Domain\KunstButikken.PaymentService.Domain.csproj", "{67435ECA-7FAF-4855-AF19-D072D67B0464}"
EndProject
Project("{FAE04EC0-301F-11D3-BF4B-00C04F79EFBC}") = "KunstButikken.PaymentService.Infrastructure", "KunstButikken.PaymentService\KunstButikken.PaymentService\Infrastructure\KunstButikken.PaymentService.Infrastructure.csproj", "{F977CF89-DDF3-4772-BEC5-126DBDA3ED6D}"
EndProject
Project("{2150E333-8FDC-42A3-9474-1A3956D46DE8}") = "KunstButikken.UserService", "KunstButikken.UserService", "{C014DFE6-E8F6-9788-B79D-D665D494CEFA}"
EndProject
Project("{FAE04EC0-301F-11D3-BF4B-00C04F79EFBC}") = "KunstButikken.UserService", "KunstButikken.UserService\KunstButikken.UserService\KunstButikken.UserService.csproj", "{DB0B4BE8-9CB0-4AF7-ADAE-CA0A4262253A}"
EndProject
Project("{FAE04EC0-301F-11D3-BF4B-00C04F79EFBC}") = "KunstButikken.UserService.Application", "KunstButikken.UserService\KunstButikken.UserService\Application\KunstButikken.UserService.Application.csproj", "{908F6A58-A43E-4093-BFCA-366D019E8E82}"
EndProject
Project("{FAE04EC0-301F-11D3-BF4B-00C04F79EFBC}") = "KunstButikken.UserService.Domain", "KunstButikken.UserService\KunstButikken.UserService\Domain\KunstButikken.UserService.Domain.csproj", "{97270037-E710-4465-B0D8-5E8A9F92A6C7}"
EndProject
Project("{FAE04EC0-301F-11D3-BF4B-00C04F79EFBC}") = "KunstButikken.UserService.Infrastructure", "KunstButikken.UserService\KunstButikken.UserService\Infrastructure\KunstButikken.UserService.Infrastructure.csproj", "{EFAD698D-F09F-4C64-BFA5-5D13B1647334}"
EndProject
Project("{2150E333-8FDC-42A3-9474-1A3956D46DE8}") = "KunstButikken.IntegrationEvents.Contracts", "KunstButikken.IntegrationEvents.Contracts", "{04C25422-C47B-9A2C-EF3B-DB55581557D0}"
EndProject
Project("{FAE04EC0-301F-11D3-BF4B-00C04F79EFBC}") = "KunstButikken.IntegrationEvents.Contracts", "KunstButikken.IntegrationEvents.Contracts\KunstButikken.IntegrationEvents.Contracts.csproj", "{2FEF3769-B466-4D48-89EE-0B4C84E3CD9B}"
EndProject
Project("{2150E333-8FDC-42A3-9474-1A3956D46DE8}") = "KunstButikken.Common.Logging", "KunstButikken.Common.Logging", "{4630C081-093F-72A2-E0F2-65D7B4A1F984}"
EndProject
Project("{FAE04EC0-301F-11D3-BF4B-00C04F79EFBC}") = "KunstButikken.Common.Logging", "KunstButikken.Common.Logging\KunstButikken.Common.Logging.csproj", "{7434D6BA-8ADB-41D0-B140-3E4F8A78A669}"
EndProject
Project("{2150E333-8FDC-42A3-9474-1A3956D46DE8}") = "KunstButikken.ServiceDefaults", "KunstButikken.ServiceDefaults", "{582102AB-AA77-B960-229C-17A838CC467A}"
EndProject
Project("{FAE04EC0-301F-11D3-BF4B-00C04F79EFBC}") = "KunstButikken.ServiceDefaults", "KunstButikken.ServiceDefaults\KunstButikken.ServiceDefaults.csproj", "{1B254482-481F-4037-86DF-E557720E2315}"
EndProject
Project("{FAE04EC0-301F-11D3-BF4B-00C04F79EFBC}") = "KunstButikken.AdminService.Tests", "KunstButikken.AdminService\KunstButikken.AdminService.Tests\KunstButikken.AdminService.Tests.csproj", "{D33075C4-3DB8-49B5-936C-DE45A4F87FE8}"
EndProject
Project("{FAE04EC0-301F-11D3-BF4B-00C04F79EFBC}") = "KunstButikken.ArtService.Tests", "KunstButikken.ArtService\KunstButikken.ArtService.Tests\KunstButikken.ArtService.Tests.csproj", "{90D9FDF2-810E-4F18-860E-E800DFAD0EC0}"
EndProject
Project("{FAE04EC0-301F-11D3-BF4B-00C04F79EFBC}") = "KunstButikken.AuctionService.Tests", "KunstButikken.AuctionService\KunstButikken.AuctionService.Tests\KunstButikken.AuctionService.Tests.csproj", "{B8EB36E2-5A24-42C9-94F7-6EC0F3087C1A}"
EndProject
Project("{FAE04EC0-301F-11D3-BF4B-00C04F79EFBC}") = "KunstButikken.AuthGateway.Tests", "KunstButikken.AuthGateway\KunstButikken.AuthGateway.Tests\KunstButikken.AuthGateway.Tests.csproj", "{81D364E3-D4CD-45EE-96A3-2745FBDA29EE}"
EndProject
Project("{FAE04EC0-301F-11D3-BF4B-00C04F79EFBC}") = "KunstButikken.PaymentService.Tests", "KunstButikken.PaymentService\KunstButikken.PaymentService.Tests\KunstButikken.PaymentService.Tests.csproj", "{B1907FD9-6762-481C-99B4-C877129DBBA1}"
EndProject
Project("{FAE04EC0-301F-11D3-BF4B-00C04F79EFBC}") = "KunstButikken.UserService.Tests", "KunstButikken.UserService\KunstButikken.UserService.Tests\KunstButikken.UserService.Tests.csproj", "{E70BC11E-62B6-4500-9B63-C426176BB45D}"
EndProject
Project("{FAE04EC0-301F-11D3-BF4B-00C04F79EFBC}") = "KunstButikken.AppHost.Tests", "KunstButikken.AppHost\KunstButikken.AppHost.Tests\KunstButikken.AppHost.Tests.csproj", "{1183CDA5-6FC0-4663-AB54-3E67C11464C6}"
EndProject
Global
	GlobalSection(SolutionConfigurationPlatforms) = preSolution
		Debug|Any CPU = Debug|Any CPU
		Debug|x64 = Debug|x64
		Debug|x86 = Debug|x86
		Release|Any CPU = Release|Any CPU
		Release|x64 = Release|x64
		Release|x86 = Release|x86
	EndGlobalSection
	GlobalSection(ProjectConfigurationPlatforms) = postSolution
		{12DA732E-02E7-481C-A2F3-42241AA3451C}.Debug|Any CPU.ActiveCfg = Debug|Any CPU
		{12DA732E-02E7-481C-A2F3-42241AA3451C}.Debug|Any CPU.Build.0 = Debug|Any CPU
		{12DA732E-02E7-481C-A2F3-42241AA3451C}.Debug|x64.ActiveCfg = Debug|Any CPU
		{12DA732E-02E7-481C-A2F3-42241AA3451C}.Debug|x64.Build.0 = Debug|Any CPU
		{12DA732E-02E7-481C-A2F3-42241AA3451C}.Debug|x86.ActiveCfg = Debug|Any CPU
		{12DA732E-02E7-481C-A2F3-42241AA3451C}.Debug|x86.Build.0 = Debug|Any CPU
		{12DA732E-02E7-481C-A2F3-42241AA3451C}.Release|Any CPU.ActiveCfg = Release|Any CPU
		{12DA732E-02E7-481C-A2F3-42241AA3451C}.Release|Any CPU.Build.0 = Release|Any CPU
		{12DA732E-02E7-481C-A2F3-42241AA3451C}.Release|x64.ActiveCfg = Release|Any CPU
		{12DA732E-02E7-481C-A2F3-42241AA3451C}.Release|x64.Build.0 = Release|Any CPU
		{12DA732E-02E7-481C-A2F3-42241AA3451C}.Release|x86.ActiveCfg = Release|Any CPU
		{12DA732E-02E7-481C-A2F3-42241AA3451C}.Release|x86.Build.0 = Release|Any CPU
		{DAF25A61-236B-45A1-9B98-A2D4034E1CA9}.Debug|Any CPU.ActiveCfg = Debug|Any CPU
		{DAF25A61-236B-45A1-9B98-A2D4034E1CA9}.Debug|Any CPU.Build.0 = Debug|Any CPU
		{DAF25A61-236B-45A1-9B98-A2D4034E1CA9}.Debug|x64.ActiveCfg = Debug|Any CPU
		{DAF25A61-236B-45A1-9B98-A2D4034E1CA9}.Debug|x64.Build.0 = Debug|Any CPU
		{DAF25A61-236B-45A1-9B98-A2D4034E1CA9}.Debug|x86.ActiveCfg = Debug|Any CPU
		{DAF25A61-236B-45A1-9B98-A2D4034E1CA9}.Debug|x86.Build.0 = Debug|Any CPU
		{DAF25A61-236B-45A1-9B98-A2D4034E1CA9}.Release|Any CPU.ActiveCfg = Release|Any CPU
		{DAF25A61-236B-45A1-9B98-A2D4034E1CA9}.Release|Any CPU.Build.0 = Release|Any CPU
		{DAF25A61-236B-45A1-9B98-A2D4034E1CA9}.Release|x64.ActiveCfg = Release|Any CPU
		{DAF25A61-236B-45A1-9B98-A2D4034E1CA9}.Release|x64.Build.0 = Release|Any CPU
		{DAF25A61-236B-45A1-9B98-A2D4034E1CA9}.Release|x86.ActiveCfg = Release|Any CPU
		{DAF25A61-236B-45A1-9B98-A2D4034E1CA9}.Release|x86.Build.0 = Release|Any CPU
		{CA707C25-F623-4F96-BF11-BFBEC71C35CD}.Debug|Any CPU.ActiveCfg = Debug|Any CPU
		{CA707C25-F623-4F96-BF11-BFBEC71C35CD}.Debug|Any CPU.Build.0 = Debug|Any CPU
		{CA707C25-F623-4F96-BF11-BFBEC71C35CD}.Debug|x64.ActiveCfg = Debug|Any CPU
		{CA707C25-F623-4F96-BF11-BFBEC71C35CD}.Debug|x64.Build.0 = Debug|Any CPU
		{CA707C25-F623-4F96-BF11-BFBEC71C35CD}.Debug|x86.ActiveCfg = Debug|Any CPU
		{CA707C25-F623-4F96-BF11-BFBEC71C35CD}.Debug|x86.Build.0 = Debug|Any CPU
		{CA707C25-F623-4F96-BF11-BFBEC71C35CD}.Release|Any CPU.ActiveCfg = Release|Any CPU
		{CA707C25-F623-4F96-BF11-BFBEC71C35CD}.Release|Any CPU.Build.0 = Release|Any CPU
		{CA707C25-F623-4F96-BF11-BFBEC71C35CD}.Release|x64.ActiveCfg = Release|Any CPU
		{CA707C25-F623-4F96-BF11-BFBEC71C35CD}.Release|x64.Build.0 = Release|Any CPU
		{CA707C25-F623-4F96-BF11-BFBEC71C35CD}.Release|x86.ActiveCfg = Release|Any CPU
		{CA707C25-F623-4F96-BF11-BFBEC71C35CD}.Release|x86.Build.0 = Release|Any CPU
		{1A1A6FF1-C129-44BE-955A-668D6ED14073}.Debug|Any CPU.ActiveCfg = Debug|Any CPU
		{1A1A6FF1-C129-44BE-955A-668D6ED14073}.Debug|Any CPU.Build.0 = Debug|Any CPU
		{1A1A6FF1-C129-44BE-955A-668D6ED14073}.Debug|x64.ActiveCfg = Debug|Any CPU
		{1A1A6FF1-C129-44BE-955A-668D6ED14073}.Debug|x64.Build.0 = Debug|Any CPU
		{1A1A6FF1-C129-44BE-955A-668D6ED14073}.Debug|x86.ActiveCfg = Debug|Any CPU
		{1A1A6FF1-C129-44BE-955A-668D6ED14073}.Debug|x86.Build.0 = Debug|Any CPU
		{1A1A6FF1-C129-44BE-955A-668D6ED14073}.Release|Any CPU.ActiveCfg = Release|Any CPU
		{1A1A6FF1-C129-44BE-955A-668D6ED14073}.Release|Any CPU.Build.0 = Release|Any CPU
		{1A1A6FF1-C129-44BE-955A-668D6ED14073}.Release|x64.ActiveCfg = Release|Any CPU
		{1A1A6FF1-C129-44BE-955A-668D6ED14073}.Release|x64.Build.0 = Release|Any CPU
		{1A1A6FF1-C129-44BE-955A-668D6ED14073}.Release|x86.ActiveCfg = Release|Any CPU
		{1A1A6FF1-C129-44BE-955A-668D6ED14073}.Release|x86.Build.0 = Release|Any CPU
		{D9F02C6B-5D90-42F0-A988-95A4E2CA8C3C}.Debug|Any CPU.ActiveCfg = Debug|Any CPU
		{D9F02C6B-5D90-42F0-A988-95A4E2CA8C3C}.Debug|Any CPU.Build.0 = Debug|Any CPU
		{D9F02C6B-5D90-42F0-A988-95A4E2CA8C3C}.Debug|x64.ActiveCfg = Debug|Any CPU
		{D9F02C6B-5D90-42F0-A988-95A4E2CA8C3C}.Debug|x64.Build.0 = Debug|Any CPU
		{D9F02C6B-5D90-42F0-A988-95A4E2CA8C3C}.Debug|x86.ActiveCfg = Debug|Any CPU
		{D9F02C6B-5D90-42F0-A988-95A4E2CA8C3C}.Debug|x86.Build.0 = Debug|Any CPU
		{D9F02C6B-5D90-42F0-A988-95A4E2CA8C3C}.Release|Any CPU.ActiveCfg = Release|Any CPU
		{D9F02C6B-5D90-42F0-A988-95A4E2CA8C3C}.Release|Any CPU.Build.0 = Release|Any CPU
		{D9F02C6B-5D90-42F0-A988-95A4E2CA8C3C}.Release|x64.ActiveCfg = Release|Any CPU
		{D9F02C6B-5D90-42F0-A988-95A4E2CA8C3C}.Release|x64.Build.0 = Release|Any CPU
		{D9F02C6B-5D90-42F0-A988-95A4E2CA8C3C}.Release|x86.ActiveCfg = Release|Any CPU
		{D9F02C6B-5D90-42F0-A988-95A4E2CA8C3C}.Release|x86.Build.0 = Release|Any CPU
		{3B67080A-3D09-4E99-B60E-840AA1EEA4E3}.Debug|Any CPU.ActiveCfg = Debug|Any CPU
		{3B67080A-3D09-4E99-B60E-840AA1EEA4E3}.Debug|Any CPU.Build.0 = Debug|Any CPU
		{3B67080A-3D09-4E99-B60E-840AA1EEA4E3}.Debug|x64.ActiveCfg = Debug|Any CPU
		{3B67080A-3D09-4E99-B60E-840AA1EEA4E3}.Debug|x64.Build.0 = Debug|Any CPU
		{3B67080A-3D09-4E99-B60E-840AA1EEA4E3}.Debug|x86.ActiveCfg = Debug|Any CPU
		{3B67080A-3D09-4E99-B60E-840AA1EEA4E3}.Debug|x86.Build.0 = Debug|Any CPU
		{3B67080A-3D09-4E99-B60E-840AA1EEA4E3}.Release|Any CPU.ActiveCfg = Release|Any CPU
		{3B67080A-3D09-4E99-B60E-840AA1EEA4E3}.Release|Any CPU.Build.0 = Release|Any CPU
		{3B67080A-3D09-4E99-B60E-840AA1EEA4E3}.Release|x64.ActiveCfg = Release|Any CPU
		{3B67080A-3D09-4E99-B60E-840AA1EEA4E3}.Release|x64.Build.0 = Release|Any CPU
		{3B67080A-3D09-4E99-B60E-840AA1EEA4E3}.Release|x86.ActiveCfg = Release|Any CPU
		{3B67080A-3D09-4E99-B60E-840AA1EEA4E3}.Release|x86.Build.0 = Release|Any CPU
		{DEA21D7C-D7CF-4028-B266-A542EFB21AE0}.Debug|Any CPU.ActiveCfg = Debug|Any CPU
		{DEA21D7C-D7CF-4028-B266-A542EFB21AE0}.Debug|Any CPU.Build.0 = Debug|Any CPU
		{DEA21D7C-D7CF-4028-B266-A542EFB21AE0}.Debug|x64.ActiveCfg = Debug|Any CPU
		{DEA21D7C-D7CF-4028-B266-A542EFB21AE0}.Debug|x64.Build.0 = Debug|Any CPU
		{DEA21D7C-D7CF-4028-B266-A542EFB21AE0}.Debug|x86.ActiveCfg = Debug|Any CPU
		{DEA21D7C-D7CF-4028-B266-A542EFB21AE0}.Debug|x86.Build.0 = Debug|Any CPU
		{DEA21D7C-D7CF-4028-B266-A542EFB21AE0}.Release|Any CPU.ActiveCfg = Release|Any CPU
		{DEA21D7C-D7CF-4028-B266-A542EFB21AE0}.Release|Any CPU.Build.0 = Release|Any CPU
		{DEA21D7C-D7CF-4028-B266-A542EFB21AE0}.Release|x64.ActiveCfg = Release|Any CPU
		{DEA21D7C-D7CF-4028-B266-A542EFB21AE0}.Release|x64.Build.0 = Release|Any CPU
		{DEA21D7C-D7CF-4028-B266-A542EFB21AE0}.Release|x86.ActiveCfg = Release|Any CPU
		{DEA21D7C-D7CF-4028-B266-A542EFB21AE0}.Release|x86.Build.0 = Release|Any CPU
		{971E5B7E-6CB5-4DF5-A41A-491CD3AF9208}.Debug|Any CPU.ActiveCfg = Debug|Any CPU
		{971E5B7E-6CB5-4DF5-A41A-491CD3AF9208}.Debug|Any CPU.Build.0 = Debug|Any CPU
		{971E5B7E-6CB5-4DF5-A41A-491CD3AF9208}.Debug|x64.ActiveCfg = Debug|Any CPU
		{971E5B7E-6CB5-4DF5-A41A-491CD3AF9208}.Debug|x64.Build.0 = Debug|Any CPU
		{971E5B7E-6CB5-4DF5-A41A-491CD3AF9208}.Debug|x86.ActiveCfg = Debug|Any CPU
		{971E5B7E-6CB5-4DF5-A41A-491CD3AF9208}.Debug|x86.Build.0 = Debug|Any CPU
		{971E5B7E-6CB5-4DF5-A41A-491CD3AF9208}.Release|Any CPU.ActiveCfg = Release|Any CPU
		{971E5B7E-6CB5-4DF5-A41A-491CD3AF9208}.Release|Any CPU.Build.0 = Release|Any CPU
		{971E5B7E-6CB5-4DF5-A41A-491CD3AF9208}.Release|x64.ActiveCfg = Release|Any CPU
		{971E5B7E-6CB5-4DF5-A41A-491CD3AF9208}.Release|x64.Build.0 = Release|Any CPU
		{971E5B7E-6CB5-4DF5-A41A-491CD3AF9208}.Release|x86.ActiveCfg = Release|Any CPU
		{971E5B7E-6CB5-4DF5-A41A-491CD3AF9208}.Release|x86.Build.0 = Release|Any CPU
		{F5B6CEBD-B560-42DD-A799-04C94DEFB2E0}.Debug|Any CPU.ActiveCfg = Debug|Any CPU
		{F5B6CEBD-B560-42DD-A799-04C94DEFB2E0}.Debug|Any CPU.Build.0 = Debug|Any CPU
		{F5B6CEBD-B560-42DD-A799-04C94DEFB2E0}.Debug|x64.ActiveCfg = Debug|Any CPU
		{F5B6CEBD-B560-42DD-A799-04C94DEFB2E0}.Debug|x64.Build.0 = Debug|Any CPU
		{F5B6CEBD-B560-42DD-A799-04C94DEFB2E0}.Debug|x86.ActiveCfg = Debug|Any CPU
		{F5B6CEBD-B560-42DD-A799-04C94DEFB2E0}.Debug|x86.Build.0 = Debug|Any CPU
		{F5B6CEBD-B560-42DD-A799-04C94DEFB2E0}.Release|Any CPU.ActiveCfg = Release|Any CPU
		{F5B6CEBD-B560-42DD-A799-04C94DEFB2E0}.Release|Any CPU.Build.0 = Release|Any CPU
		{F5B6CEBD-B560-42DD-A799-04C94DEFB2E0}.Release|x64.ActiveCfg = Release|Any CPU
		{F5B6CEBD-B560-42DD-A799-04C94DEFB2E0}.Release|x64.Build.0 = Release|Any CPU
		{F5B6CEBD-B560-42DD-A799-04C94DEFB2E0}.Release|x86.ActiveCfg = Release|Any CPU
		{F5B6CEBD-B560-42DD-A799-04C94DEFB2E0}.Release|x86.Build.0 = Release|Any CPU
		{8622C919-BD48-4850-AC1C-209FF3A39B7C}.Debug|Any CPU.ActiveCfg = Debug|Any CPU
		{8622C919-BD48-4850-AC1C-209FF3A39B7C}.Debug|Any CPU.Build.0 = Debug|Any CPU
		{8622C919-BD48-4850-AC1C-209FF3A39B7C}.Debug|x64.ActiveCfg = Debug|Any CPU
		{8622C919-BD48-4850-AC1C-209FF3A39B7C}.Debug|x64.Build.0 = Debug|Any CPU
		{8622C919-BD48-4850-AC1C-209FF3A39B7C}.Debug|x86.ActiveCfg = Debug|Any CPU
		{8622C919-BD48-4850-AC1C-209FF3A39B7C}.Debug|x86.Build.0 = Debug|Any CPU
		{8622C919-BD48-4850-AC1C-209FF3A39B7C}.Release|Any CPU.ActiveCfg = Release|Any CPU
		{8622C919-BD48-4850-AC1C-209FF3A39B7C}.Release|Any CPU.Build.0 = Release|Any CPU
		{8622C919-BD48-4850-AC1C-209FF3A39B7C}.Release|x64.ActiveCfg = Release|Any CPU
		{8622C919-BD48-4850-AC1C-209FF3A39B7C}.Release|x64.Build.0 = Release|Any CPU
		{8622C919-BD48-4850-AC1C-209FF3A39B7C}.Release|x86.ActiveCfg = Release|Any CPU
		{8622C919-BD48-4850-AC1C-209FF3A39B7C}.Release|x86.Build.0 = Release|Any CPU
		{48D15164-FB81-4DAA-BDF7-5E0C9ABD8B1A}.Debug|Any CPU.ActiveCfg = Debug|Any CPU
		{48D15164-FB81-4DAA-BDF7-5E0C9ABD8B1A}.Debug|Any CPU.Build.0 = Debug|Any CPU
		{48D15164-FB81-4DAA-BDF7-5E0C9ABD8B1A}.Debug|x64.ActiveCfg = Debug|Any CPU
		{48D15164-FB81-4DAA-BDF7-5E0C9ABD8B1A}.Debug|x64.Build.0 = Debug|Any CPU
		{48D15164-FB81-4DAA-BDF7-5E0C9ABD8B1A}.Debug|x86.ActiveCfg = Debug|Any CPU
		{48D15164-FB81-4DAA-BDF7-5E0C9ABD8B1A}.Debug|x86.Build.0 = Debug|Any CPU
		{48D15164-FB81-4DAA-BDF7-5E0C9ABD8B1A}.Release|Any CPU.ActiveCfg = Release|Any CPU
		{48D15164-FB81-4DAA-BDF7-5E0C9ABD8B1A}.Release|Any CPU.Build.0 = Release|Any CPU
		{48D15164-FB81-4DAA-BDF7-5E0C9ABD8B1A}.Release|x64.ActiveCfg = Release|Any CPU
		{48D15164-FB81-4DAA-BDF7-5E0C9ABD8B1A}.Release|x64.Build.0 = Release|Any CPU
		{48D15164-FB81-4DAA-BDF7-5E0C9ABD8B1A}.Release|x86.ActiveCfg = Release|Any CPU
		{48D15164-FB81-4DAA-BDF7-5E0C9ABD8B1A}.Release|x86.Build.0 = Release|Any CPU
		{E5F6CAFC-87AA-41CB-AF1B-EEFF9D847CDF}.Debug|Any CPU.ActiveCfg = Debug|Any CPU
		{E5F6CAFC-87AA-41CB-AF1B-EEFF9D847CDF}.Debug|Any CPU.Build.0 = Debug|Any CPU
		{E5F6CAFC-87AA-41CB-AF1B-EEFF9D847CDF}.Debug|x64.ActiveCfg = Debug|Any CPU
		{E5F6CAFC-87AA-41CB-AF1B-EEFF9D847CDF}.Debug|x64.Build.0 = Debug|Any CPU
		{E5F6CAFC-87AA-41CB-AF1B-EEFF9D847CDF}.Debug|x86.ActiveCfg = Debug|Any CPU
		{E5F6CAFC-87AA-41CB-AF1B-EEFF9D847CDF}.Debug|x86.Build.0 = Debug|Any CPU
		{E5F6CAFC-87AA-41CB-AF1B-EEFF9D847CDF}.Release|Any CPU.ActiveCfg = Release|Any CPU
		{E5F6CAFC-87AA-41CB-AF1B-EEFF9D847CDF}.Release|Any CPU.Build.0 = Release|Any CPU
		{E5F6CAFC-87AA-41CB-AF1B-EEFF9D847CDF}.Release|x64.ActiveCfg = Release|Any CPU
		{E5F6CAFC-87AA-41CB-AF1B-EEFF9D847CDF}.Release|x64.Build.0 = Release|Any CPU
		{E5F6CAFC-87AA-41CB-AF1B-EEFF9D847CDF}.Release|x86.ActiveCfg = Release|Any CPU
		{E5F6CAFC-87AA-41CB-AF1B-EEFF9D847CDF}.Release|x86.Build.0 = Release|Any CPU
		{A032A80D-034A-45A8-8565-BD1E662D229D}.Debug|Any CPU.ActiveCfg = Debug|Any CPU
		{A032A80D-034A-45A8-8565-BD1E662D229D}.Debug|Any CPU.Build.0 = Debug|Any CPU
		{A032A80D-034A-45A8-8565-BD1E662D229D}.Debug|x64.ActiveCfg = Debug|Any CPU
		{A032A80D-034A-45A8-8565-BD1E662D229D}.Debug|x64.Build.0 = Debug|Any CPU
		{A032A80D-034A-45A8-8565-BD1E662D229D}.Debug|x86.ActiveCfg = Debug|Any CPU
		{A032A80D-034A-45A8-8565-BD1E662D229D}.Debug|x86.Build.0 = Debug|Any CPU
		{A032A80D-034A-45A8-8565-BD1E662D229D}.Release|Any CPU.ActiveCfg = Release|Any CPU
		{A032A80D-034A-45A8-8565-BD1E662D229D}.Release|Any CPU.Build.0 = Release|Any CPU
		{A032A80D-034A-45A8-8565-BD1E662D229D}.Release|x64.ActiveCfg = Release|Any CPU
		{A032A80D-034A-45A8-8565-BD1E662D229D}.Release|x64.Build.0 = Release|Any CPU
		{A032A80D-034A-45A8-8565-BD1E662D229D}.Release|x86.ActiveCfg = Release|Any CPU
		{A032A80D-034A-45A8-8565-BD1E662D229D}.Release|x86.Build.0 = Release|Any CPU
		{8B9226F5-1F87-44C8-88F7-82912BCC0E5D}.Debug|Any CPU.ActiveCfg = Debug|Any CPU
		{8B9226F5-1F87-44C8-88F7-82912BCC0E5D}.Debug|Any CPU.Build.0 = Debug|Any CPU
		{8B9226F5-1F87-44C8-88F7-82912BCC0E5D}.Debug|x64.ActiveCfg = Debug|Any CPU
		{8B9226F5-1F87-44C8-88F7-82912BCC0E5D}.Debug|x64.Build.0 = Debug|Any CPU
		{8B9226F5-1F87-44C8-88F7-82912BCC0E5D}.Debug|x86.ActiveCfg = Debug|Any CPU
		{8B9226F5-1F87-44C8-88F7-82912BCC0E5D}.Debug|x86.Build.0 = Debug|Any CPU
		{8B9226F5-1F87-44C8-88F7-82912BCC0E5D}.Release|Any CPU.ActiveCfg = Release|Any CPU
		{8B9226F5-1F87-44C8-88F7-82912BCC0E5D}.Release|Any CPU.Build.0 = Release|Any CPU
		{8B9226F5-1F87-44C8-88F7-82912BCC0E5D}.Release|x64.ActiveCfg = Release|Any CPU
		{8B9226F5-1F87-44C8-88F7-82912BCC0E5D}.Release|x64.Build.0 = Release|Any CPU
		{8B9226F5-1F87-44C8-88F7-82912BCC0E5D}.Release|x86.ActiveCfg = Release|Any CPU
		{8B9226F5-1F87-44C8-88F7-82912BCC0E5D}.Release|x86.Build.0 = Release|Any CPU
		{190D849C-0659-4078-9F32-5CC378D99167}.Debug|Any CPU.ActiveCfg = Debug|Any CPU
		{190D849C-0659-4078-9F32-5CC378D99167}.Debug|Any CPU.Build.0 = Debug|Any CPU
		{190D849C-0659-4078-9F32-5CC378D99167}.Debug|x64.ActiveCfg = Debug|Any CPU
		{190D849C-0659-4078-9F32-5CC378D99167}.Debug|x64.Build.0 = Debug|Any CPU
		{190D849C-0659-4078-9F32-5CC378D99167}.Debug|x86.ActiveCfg = Debug|Any CPU
		{190D849C-0659-4078-9F32-5CC378D99167}.Debug|x86.Build.0 = Debug|Any CPU
		{190D849C-0659-4078-9F32-5CC378D99167}.Release|Any CPU.ActiveCfg = Release|Any CPU
		{190D849C-0659-4078-9F32-5CC378D99167}.Release|Any CPU.Build.0 = Release|Any CPU
		{190D849C-0659-4078-9F32-5CC378D99167}.Release|x64.ActiveCfg = Release|Any CPU
		{190D849C-0659-4078-9F32-5CC378D99167}.Release|x64.Build.0 = Release|Any CPU
		{190D849C-0659-4078-9F32-5CC378D99167}.Release|x86.ActiveCfg = Release|Any CPU
		{190D849C-0659-4078-9F32-5CC378D99167}.Release|x86.Build.0 = Release|Any CPU
		{5036BCEC-625B-4855-AD01-16FA8759FC96}.Debug|Any CPU.ActiveCfg = Debug|Any CPU
		{5036BCEC-625B-4855-AD01-16FA8759FC96}.Debug|Any CPU.Build.0 = Debug|Any CPU
		{5036BCEC-625B-4855-AD01-16FA8759FC96}.Debug|x64.ActiveCfg = Debug|Any CPU
		{5036BCEC-625B-4855-AD01-16FA8759FC96}.Debug|x64.Build.0 = Debug|Any CPU
		{5036BCEC-625B-4855-AD01-16FA8759FC96}.Debug|x86.ActiveCfg = Debug|Any CPU
		{5036BCEC-625B-4855-AD01-16FA8759FC96}.Debug|x86.Build.0 = Debug|Any CPU
		{5036BCEC-625B-4855-AD01-16FA8759FC96}.Release|Any CPU.ActiveCfg = Release|Any CPU
		{5036BCEC-625B-4855-AD01-16FA8759FC96}.Release|Any CPU.Build.0 = Release|Any CPU
		{5036BCEC-625B-4855-AD01-16FA8759FC96}.Release|x64.ActiveCfg = Release|Any CPU
		{5036BCEC-625B-4855-AD01-16FA8759FC96}.Release|x64.Build.0 = Release|Any CPU
		{5036BCEC-625B-4855-AD01-16FA8759FC96}.Release|x86.ActiveCfg = Release|Any CPU
		{5036BCEC-625B-4855-AD01-16FA8759FC96}.Release|x86.Build.0 = Release|Any CPU
		{A1F10C11-0C1F-4FDC-A4E6-A6E73F1AD5F6}.Debug|Any CPU.ActiveCfg = Debug|Any CPU
		{A1F10C11-0C1F-4FDC-A4E6-A6E73F1AD5F6}.Debug|Any CPU.Build.0 = Debug|Any CPU
		{A1F10C11-0C1F-4FDC-A4E6-A6E73F1AD5F6}.Debug|x64.ActiveCfg = Debug|Any CPU
		{A1F10C11-0C1F-4FDC-A4E6-A6E73F1AD5F6}.Debug|x64.Build.0 = Debug|Any CPU
		{A1F10C11-0C1F-4FDC-A4E6-A6E73F1AD5F6}.Debug|x86.ActiveCfg = Debug|Any CPU
		{A1F10C11-0C1F-4FDC-A4E6-A6E73F1AD5F6}.Debug|x86.Build.0 = Debug|Any CPU
		{A1F10C11-0C1F-4FDC-A4E6-A6E73F1AD5F6}.Release|Any CPU.ActiveCfg = Release|Any CPU
		{A1F10C11-0C1F-4FDC-A4E6-A6E73F1AD5F6}.Release|Any CPU.Build.0 = Release|Any CPU
		{A1F10C11-0C1F-4FDC-A4E6-A6E73F1AD5F6}.Release|x64.ActiveCfg = Release|Any CPU
		{A1F10C11-0C1F-4FDC-A4E6-A6E73F1AD5F6}.Release|x64.Build.0 = Release|Any CPU
		{A1F10C11-0C1F-4FDC-A4E6-A6E73F1AD5F6}.Release|x86.ActiveCfg = Release|Any CPU
		{A1F10C11-0C1F-4FDC-A4E6-A6E73F1AD5F6}.Release|x86.Build.0 = Release|Any CPU
		{567134FF-CFB4-491B-9B8A-C641821B91D7}.Debug|Any CPU.ActiveCfg = Debug|Any CPU
		{567134FF-CFB4-491B-9B8A-C641821B91D7}.Debug|Any CPU.Build.0 = Debug|Any CPU
		{567134FF-CFB4-491B-9B8A-C641821B91D7}.Debug|x64.ActiveCfg = Debug|Any CPU
		{567134FF-CFB4-491B-9B8A-C641821B91D7}.Debug|x64.Build.0 = Debug|Any CPU
		{567134FF-CFB4-491B-9B8A-C641821B91D7}.Debug|x86.ActiveCfg = Debug|Any CPU
		{567134FF-CFB4-491B-9B8A-C641821B91D7}.Debug|x86.Build.0 = Debug|Any CPU
		{567134FF-CFB4-491B-9B8A-C641821B91D7}.Release|Any CPU.ActiveCfg = Release|Any CPU
		{567134FF-CFB4-491B-9B8A-C641821B91D7}.Release|Any CPU.Build.0 = Release|Any CPU
		{567134FF-CFB4-491B-9B8A-C641821B91D7}.Release|x64.ActiveCfg = Release|Any CPU
		{567134FF-CFB4-491B-9B8A-C641821B91D7}.Release|x64.Build.0 = Release|Any CPU
		{567134FF-CFB4-491B-9B8A-C641821B91D7}.Release|x86.ActiveCfg = Release|Any CPU
		{567134FF-CFB4-491B-9B8A-C641821B91D7}.Release|x86.Build.0 = Release|Any CPU
		{67435ECA-7FAF-4855-AF19-D072D67B0464}.Debug|Any CPU.ActiveCfg = Debug|Any CPU
		{67435ECA-7FAF-4855-AF19-D072D67B0464}.Debug|Any CPU.Build.0 = Debug|Any CPU
		{67435ECA-7FAF-4855-AF19-D072D67B0464}.Debug|x64.ActiveCfg = Debug|Any CPU
		{67435ECA-7FAF-4855-AF19-D072D67B0464}.Debug|x64.Build.0 = Debug|Any CPU
		{67435ECA-7FAF-4855-AF19-D072D67B0464}.Debug|x86.ActiveCfg = Debug|Any CPU
		{67435ECA-7FAF-4855-AF19-D072D67B0464}.Debug|x86.Build.0 = Debug|Any CPU
		{67435ECA-7FAF-4855-AF19-D072D67B0464}.Release|Any CPU.ActiveCfg = Release|Any CPU
		{67435ECA-7FAF-4855-AF19-D072D67B0464}.Release|Any CPU.Build.0 = Release|Any CPU
		{67435ECA-7FAF-4855-AF19-D072D67B0464}.Release|x64.ActiveCfg = Release|Any CPU
		{67435ECA-7FAF-4855-AF19-D072D67B0464}.Release|x64.Build.0 = Release|Any CPU
		{67435ECA-7FAF-4855-AF19-D072D67B0464}.Release|x86.ActiveCfg = Release|Any CPU
		{67435ECA-7FAF-4855-AF19-D072D67B0464}.Release|x86.Build.0 = Release|Any CPU
		{F977CF89-DDF3-4772-BEC5-126DBDA3ED6D}.Debug|Any CPU.ActiveCfg = Debug|Any CPU
		{F977CF89-DDF3-4772-BEC5-126DBDA3ED6D}.Debug|Any CPU.Build.0 = Debug|Any CPU
		{F977CF89-DDF3-4772-BEC5-126DBDA3ED6D}.Debug|x64.ActiveCfg = Debug|Any CPU
		{F977CF89-DDF3-4772-BEC5-126DBDA3ED6D}.Debug|x64.Build.0 = Debug|Any CPU
		{F977CF89-DDF3-4772-BEC5-126DBDA3ED6D}.Debug|x86.ActiveCfg = Debug|Any CPU
		{F977CF89-DDF3-4772-BEC5-126DBDA3ED6D}.Debug|x86.Build.0 = Debug|Any CPU
		{F977CF89-DDF3-4772-BEC5-126DBDA3ED6D}.Release|Any CPU.ActiveCfg = Release|Any CPU
		{F977CF89-DDF3-4772-BEC5-126DBDA3ED6D}.Release|Any CPU.Build.0 = Release|Any CPU
		{F977CF89-DDF3-4772-BEC5-126DBDA3ED6D}.Release|x64.ActiveCfg = Release|Any CPU
		{F977CF89-DDF3-4772-BEC5-126DBDA3ED6D}.Release|x64.Build.0 = Release|Any CPU
		{F977CF89-DDF3-4772-BEC5-126DBDA3ED6D}.Release|x86.ActiveCfg = Release|Any CPU
		{F977CF89-DDF3-4772-BEC5-126DBDA3ED6D}.Release|x86.Build.0 = Release|Any CPU
		{DB0B4BE8-9CB0-4AF7-ADAE-CA0A4262253A}.Debug|Any CPU.ActiveCfg = Debug|Any CPU
		{DB0B4BE8-9CB0-4AF7-ADAE-CA0A4262253A}.Debug|Any CPU.Build.0 = Debug|Any CPU
		{DB0B4BE8-9CB0-4AF7-ADAE-CA0A4262253A}.Debug|x64.ActiveCfg = Debug|Any CPU
		{DB0B4BE8-9CB0-4AF7-ADAE-CA0A4262253A}.Debug|x64.Build.0 = Debug|Any CPU
		{DB0B4BE8-9CB0-4AF7-ADAE-CA0A4262253A}.Debug|x86.ActiveCfg = Debug|Any CPU
		{DB0B4BE8-9CB0-4AF7-ADAE-CA0A4262253A}.Debug|x86.Build.0 = Debug|Any CPU
		{DB0B4BE8-9CB0-4AF7-ADAE-CA0A4262253A}.Release|Any CPU.ActiveCfg = Release|Any CPU
		{DB0B4BE8-9CB0-4AF7-ADAE-CA0A4262253A}.Release|Any CPU.Build.0 = Release|Any CPU
		{DB0B4BE8-9CB0-4AF7-ADAE-CA0A4262253A}.Release|x64.ActiveCfg = Release|Any CPU
		{DB0B4BE8-9CB0-4AF7-ADAE-CA0A4262253A}.Release|x64.Build.0 = Release|Any CPU
		{DB0B4BE8-9CB0-4AF7-ADAE-CA0A4262253A}.Release|x86.ActiveCfg = Release|Any CPU
		{DB0B4BE8-9CB0-4AF7-ADAE-CA0A4262253A}.Release|x86.Build.0 = Release|Any CPU
		{908F6A58-A43E-4093-BFCA-366D019E8E82}.Debug|Any CPU.ActiveCfg = Debug|Any CPU
		{908F6A58-A43E-4093-BFCA-366D019E8E82}.Debug|Any CPU.Build.0 = Debug|Any CPU
		{908F6A58-A43E-4093-BFCA-366D019E8E82}.Debug|x64.ActiveCfg = Debug|Any CPU
		{908F6A58-A43E-4093-BFCA-366D019E8E82}.Debug|x64.Build.0 = Debug|Any CPU
		{908F6A58-A43E-4093-BFCA-366D019E8E82}.Debug|x86.ActiveCfg = Debug|Any CPU
		{908F6A58-A43E-4093-BFCA-366D019E8E82}.Debug|x86.Build.0 = Debug|Any CPU
		{908F6A58-A43E-4093-BFCA-366D019E8E82}.Release|Any CPU.ActiveCfg = Release|Any CPU
		{908F6A58-A43E-4093-BFCA-366D019E8E82}.Release|Any CPU.Build.0 = Release|Any CPU
		{908F6A58-A43E-4093-BFCA-366D019E8E82}.Release|x64.ActiveCfg = Release|Any CPU
		{908F6A58-A43E-4093-BFCA-366D019E8E82}.Release|x64.Build.0 = Release|Any CPU
		{908F6A58-A43E-4093-BFCA-366D019E8E82}.Release|x86.ActiveCfg = Release|Any CPU
		{908F6A58-A43E-4093-BFCA-366D019E8E82}.Release|x86.Build.0 = Release|Any CPU
		{97270037-E710-4465-B0D8-5E8A9F92A6C7}.Debug|Any CPU.ActiveCfg = Debug|Any CPU
		{97270037-E710-4465-B0D8-5E8A9F92A6C7}.Debug|Any CPU.Build.0 = Debug|Any CPU
		{97270037-E710-4465-B0D8-5E8A9F92A6C7}.Debug|x64.ActiveCfg = Debug|Any CPU
		{97270037-E710-4465-B0D8-5E8A9F92A6C7}.Debug|x64.Build.0 = Debug|Any CPU
		{97270037-E710-4465-B0D8-5E8A9F92A6C7}.Debug|x86.ActiveCfg = Debug|Any CPU
		{97270037-E710-4465-B0D8-5E8A9F92A6C7}.Debug|x86.Build.0 = Debug|Any CPU
		{97270037-E710-4465-B0D8-5E8A9F92A6C7}.Release|Any CPU.ActiveCfg = Release|Any CPU
		{97270037-E710-4465-B0D8-5E8A9F92A6C7}.Release|Any CPU.Build.0 = Release|Any CPU
		{97270037-E710-4465-B0D8-5E8A9F92A6C7}.Release|x64.ActiveCfg = Release|Any CPU
		{97270037-E710-4465-B0D8-5E8A9F92A6C7}.Release|x64.Build.0 = Release|Any CPU
		{97270037-E710-4465-B0D8-5E8A9F92A6C7}.Release|x86.ActiveCfg = Release|Any CPU
		{97270037-E710-4465-B0D8-5E8A9F92A6C7}.Release|x86.Build.0 = Release|Any CPU
		{EFAD698D-F09F-4C64-BFA5-5D13B1647334}.Debug|Any CPU.ActiveCfg = Debug|Any CPU
		{EFAD698D-F09F-4C64-BFA5-5D13B1647334}.Debug|Any CPU.Build.0 = Debug|Any CPU
		{EFAD698D-F09F-4C64-BFA5-5D13B1647334}.Debug|x64.ActiveCfg = Debug|Any CPU
		{EFAD698D-F09F-4C64-BFA5-5D13B1647334}.Debug|x64.Build.0 = Debug|Any CPU
		{EFAD698D-F09F-4C64-BFA5-5D13B1647334}.Debug|x86.ActiveCfg = Debug|Any CPU
		{EFAD698D-F09F-4C64-BFA5-5D13B1647334}.Debug|x86.Build.0 = Debug|Any CPU
		{EFAD698D-F09F-4C64-BFA5-5D13B1647334}.Release|Any CPU.ActiveCfg = Release|Any CPU
		{EFAD698D-F09F-4C64-BFA5-5D13B1647334}.Release|Any CPU.Build.0 = Release|Any CPU
		{EFAD698D-F09F-4C64-BFA5-5D13B1647334}.Release|x64.ActiveCfg = Release|Any CPU
		{EFAD698D-F09F-4C64-BFA5-5D13B1647334}.Release|x64.Build.0 = Release|Any CPU
		{EFAD698D-F09F-4C64-BFA5-5D13B1647334}.Release|x86.ActiveCfg = Release|Any CPU
		{EFAD698D-F09F-4C64-BFA5-5D13B1647334}.Release|x86.Build.0 = Release|Any CPU
		{2FEF3769-B466-4D48-89EE-0B4C84E3CD9B}.Debug|Any CPU.ActiveCfg = Debug|Any CPU
		{2FEF3769-B466-4D48-89EE-0B4C84E3CD9B}.Debug|Any CPU.Build.0 = Debug|Any CPU
		{2FEF3769-B466-4D48-89EE-0B4C84E3CD9B}.Debug|x64.ActiveCfg = Debug|Any CPU
		{2FEF3769-B466-4D48-89EE-0B4C84E3CD9B}.Debug|x64.Build.0 = Debug|Any CPU
		{2FEF3769-B466-4D48-89EE-0B4C84E3CD9B}.Debug|x86.ActiveCfg = Debug|Any CPU
		{2FEF3769-B466-4D48-89EE-0B4C84E3CD9B}.Debug|x86.Build.0 = Debug|Any CPU
		{2FEF3769-B466-4D48-89EE-0B4C84E3CD9B}.Release|Any CPU.ActiveCfg = Release|Any CPU
		{2FEF3769-B466-4D48-89EE-0B4C84E3CD9B}.Release|Any CPU.Build.0 = Release|Any CPU
		{2FEF3769-B466-4D48-89EE-0B4C84E3CD9B}.Release|x64.ActiveCfg = Release|Any CPU
		{2FEF3769-B466-4D48-89EE-0B4C84E3CD9B}.Release|x64.Build.0 = Release|Any CPU
		{2FEF3769-B466-4D48-89EE-0B4C84E3CD9B}.Release|x86.ActiveCfg = Release|Any CPU
		{2FEF3769-B466-4D48-89EE-0B4C84E3CD9B}.Release|x86.Build.0 = Release|Any CPU
		{7434D6BA-8ADB-41D0-B140-3E4F8A78A669}.Debug|Any CPU.ActiveCfg = Debug|Any CPU
		{7434D6BA-8ADB-41D0-B140-3E4F8A78A669}.Debug|Any CPU.Build.0 = Debug|Any CPU
		{7434D6BA-8ADB-41D0-B140-3E4F8A78A669}.Debug|x64.ActiveCfg = Debug|Any CPU
		{7434D6BA-8ADB-41D0-B140-3E4F8A78A669}.Debug|x64.Build.0 = Debug|Any CPU
		{7434D6BA-8ADB-41D0-B140-3E4F8A78A669}.Debug|x86.ActiveCfg = Debug|Any CPU
		{7434D6BA-8ADB-41D0-B140-3E4F8A78A669}.Debug|x86.Build.0 = Debug|Any CPU
		{7434D6BA-8ADB-41D0-B140-3E4F8A78A669}.Release|Any CPU.ActiveCfg = Release|Any CPU
		{7434D6BA-8ADB-41D0-B140-3E4F8A78A669}.Release|Any CPU.Build.0 = Release|Any CPU
		{7434D6BA-8ADB-41D0-B140-3E4F8A78A669}.Release|x64.ActiveCfg = Release|Any CPU
		{7434D6BA-8ADB-41D0-B140-3E4F8A78A669}.Release|x64.Build.0 = Release|Any CPU
		{7434D6BA-8ADB-41D0-B140-3E4F8A78A669}.Release|x86.ActiveCfg = Release|Any CPU
		{7434D6BA-8ADB-41D0-B140-3E4F8A78A669}.Release|x86.Build.0 = Release|Any CPU
		{1B254482-481F-4037-86DF-E557720E2315}.Debug|Any CPU.ActiveCfg = Debug|Any CPU
		{1B254482-481F-4037-86DF-E557720E2315}.Debug|Any CPU.Build.0 = Debug|Any CPU
		{1B254482-481F-4037-86DF-E557720E2315}.Debug|x64.ActiveCfg = Debug|Any CPU
		{1B254482-481F-4037-86DF-E557720E2315}.Debug|x64.Build.0 = Debug|Any CPU
		{1B254482-481F-4037-86DF-E557720E2315}.Debug|x86.ActiveCfg = Debug|Any CPU
		{1B254482-481F-4037-86DF-E557720E2315}.Debug|x86.Build.0 = Debug|Any CPU
		{1B254482-481F-4037-86DF-E557720E2315}.Release|Any CPU.ActiveCfg = Release|Any CPU
		{1B254482-481F-4037-86DF-E557720E2315}.Release|Any CPU.Build.0 = Release|Any CPU
		{1B254482-481F-4037-86DF-E557720E2315}.Release|x64.ActiveCfg = Release|Any CPU
		{1B254482-481F-4037-86DF-E557720E2315}.Release|x64.Build.0 = Release|Any CPU
		{1B254482-481F-4037-86DF-E557720E2315}.Release|x86.ActiveCfg = Release|Any CPU
		{1B254482-481F-4037-86DF-E557720E2315}.Release|x86.Build.0 = Release|Any CPU
		{D33075C4-3DB8-49B5-936C-DE45A4F87FE8}.Debug|Any CPU.ActiveCfg = Debug|Any CPU
		{D33075C4-3DB8-49B5-936C-DE45A4F87FE8}.Debug|Any CPU.Build.0 = Debug|Any CPU
		{D33075C4-3DB8-49B5-936C-DE45A4F87FE8}.Debug|x64.ActiveCfg = Debug|Any CPU
		{D33075C4-3DB8-49B5-936C-DE45A4F87FE8}.Debug|x64.Build.0 = Debug|Any CPU
		{D33075C4-3DB8-49B5-936C-DE45A4F87FE8}.Debug|x86.ActiveCfg = Debug|Any CPU
		{D33075C4-3DB8-49B5-936C-DE45A4F87FE8}.Debug|x86.Build.0 = Debug|Any CPU
		{D33075C4-3DB8-49B5-936C-DE45A4F87FE8}.Release|Any CPU.ActiveCfg = Release|Any CPU
		{D33075C4-3DB8-49B5-936C-DE45A4F87FE8}.Release|Any CPU.Build.0 = Release|Any CPU
		{D33075C4-3DB8-49B5-936C-DE45A4F87FE8}.Release|x64.ActiveCfg = Release|Any CPU
		{D33075C4-3DB8-49B5-936C-DE45A4F87FE8}.Release|x64.Build.0 = Release|Any CPU
		{D33075C4-3DB8-49B5-936C-DE45A4F87FE8}.Release|x86.ActiveCfg = Release|Any CPU
		{D33075C4-3DB8-49B5-936C-DE45A4F87FE8}.Release|x86.Build.0 = Release|Any CPU
		{90D9FDF2-810E-4F18-860E-E800DFAD0EC0}.Debug|Any CPU.ActiveCfg = Debug|Any CPU
		{90D9FDF2-810E-4F18-860E-E800DFAD0EC0}.Debug|Any CPU.Build.0 = Debug|Any CPU
		{90D9FDF2-810E-4F18-860E-E800DFAD0EC0}.Debug|x64.ActiveCfg = Debug|Any CPU
		{90D9FDF2-810E-4F18-860E-E800DFAD0EC0}.Debug|x64.Build.0 = Debug|Any CPU
		{90D9FDF2-810E-4F18-860E-E800DFAD0EC0}.Debug|x86.ActiveCfg = Debug|Any CPU
		{90D9FDF2-810E-4F18-860E-E800DFAD0EC0}.Debug|x86.Build.0 = Debug|Any CPU
		{90D9FDF2-810E-4F18-860E-E800DFAD0EC0}.Release|Any CPU.ActiveCfg = Release|Any CPU
		{90D9FDF2-810E-4F18-860E-E800DFAD0EC0}.Release|Any CPU.Build.0 = Release|Any CPU
		{90D9FDF2-810E-4F18-860E-E800DFAD0EC0}.Release|x64.ActiveCfg = Release|Any CPU
		{90D9FDF2-810E-4F18-860E-E800DFAD0EC0}.Release|x64.Build.0 = Release|Any CPU
		{90D9FDF2-810E-4F18-860E-E800DFAD0EC0}.Release|x86.ActiveCfg = Release|Any CPU
		{90D9FDF2-810E-4F18-860E-E800DFAD0EC0}.Release|x86.Build.0 = Release|Any CPU
		{B8EB36E2-5A24-42C9-94F7-6EC0F3087C1A}.Debug|Any CPU.ActiveCfg = Debug|Any CPU
		{B8EB36E2-5A24-42C9-94F7-6EC0F3087C1A}.Debug|Any CPU.Build.0 = Debug|Any CPU
		{B8EB36E2-5A24-42C9-94F7-6EC0F3087C1A}.Debug|x64.ActiveCfg = Debug|Any CPU
		{B8EB36E2-5A24-42C9-94F7-6EC0F3087C1A}.Debug|x64.Build.0 = Debug|Any CPU
		{B8EB36E2-5A24-42C9-94F7-6EC0F3087C1A}.Debug|x86.ActiveCfg = Debug|Any CPU
		{B8EB36E2-5A24-42C9-94F7-6EC0F3087C1A}.Debug|x86.Build.0 = Debug|Any CPU
		{B8EB36E2-5A24-42C9-94F7-6EC0F3087C1A}.Release|Any CPU.ActiveCfg = Release|Any CPU
		{B8EB36E2-5A24-42C9-94F7-6EC0F3087C1A}.Release|Any CPU.Build.0 = Release|Any CPU
		{B8EB36E2-5A24-42C9-94F7-6EC0F3087C1A}.Release|x64.ActiveCfg = Release|Any CPU
		{B8EB36E2-5A24-42C9-94F7-6EC0F3087C1A}.Release|x64.Build.0 = Release|Any CPU
		{B8EB36E2-5A24-42C9-94F7-6EC0F3087C1A}.Release|x86.ActiveCfg = Release|Any CPU
		{B8EB36E2-5A24-42C9-94F7-6EC0F3087C1A}.Release|x86.Build.0 = Release|Any CPU
		{81D364E3-D4CD-45EE-96A3-2745FBDA29EE}.Debug|Any CPU.ActiveCfg = Debug|Any CPU
		{81D364E3-D4CD-45EE-96A3-2745FBDA29EE}.Debug|Any CPU.Build.0 = Debug|Any CPU
		{81D364E3-D4CD-45EE-96A3-2745FBDA29EE}.Debug|x64.ActiveCfg = Debug|Any CPU
		{81D364E3-D4CD-45EE-96A3-2745FBDA29EE}.Debug|x64.Build.0 = Debug|Any CPU
		{81D364E3-D4CD-45EE-96A3-2745FBDA29EE}.Debug|x86.ActiveCfg = Debug|Any CPU
		{81D364E3-D4CD-45EE-96A3-2745FBDA29EE}.Debug|x86.Build.0 = Debug|Any CPU
		{81D364E3-D4CD-45EE-96A3-2745FBDA29EE}.Release|Any CPU.ActiveCfg = Release|Any CPU
		{81D364E3-D4CD-45EE-96A3-2745FBDA29EE}.Release|Any CPU.Build.0 = Release|Any CPU
		{81D364E3-D4CD-45EE-96A3-2745FBDA29EE}.Release|x64.ActiveCfg = Release|Any CPU
		{81D364E3-D4CD-45EE-96A3-2745FBDA29EE}.Release|x64.Build.0 = Release|Any CPU
		{81D364E3-D4CD-45EE-96A3-2745FBDA29EE}.Release|x86.ActiveCfg = Release|Any CPU
		{81D364E3-D4CD-45EE-96A3-2745FBDA29EE}.Release|x86.Build.0 = Release|Any CPU
		{B1907FD9-6762-481C-99B4-C877129DBBA1}.Debug|Any CPU.ActiveCfg = Debug|Any CPU
		{B1907FD9-6762-481C-99B4-C877129DBBA1}.Debug|Any CPU.Build.0 = Debug|Any CPU
		{B1907FD9-6762-481C-99B4-C877129DBBA1}.Debug|x64.ActiveCfg = Debug|Any CPU
		{B1907FD9-6762-481C-99B4-C877129DBBA1}.Debug|x64.Build.0 = Debug|Any CPU
		{B1907FD9-6762-481C-99B4-C877129DBBA1}.Debug|x86.ActiveCfg = Debug|Any CPU
		{B1907FD9-6762-481C-99B4-C877129DBBA1}.Debug|x86.Build.0 = Debug|Any CPU
		{B1907FD9-6762-481C-99B4-C877129DBBA1}.Release|Any CPU.ActiveCfg = Release|Any CPU
		{B1907FD9-6762-481C-99B4-C877129DBBA1}.Release|Any CPU.Build.0 = Release|Any CPU
		{B1907FD9-6762-481C-99B4-C877129DBBA1}.Release|x64.ActiveCfg = Release|Any CPU
		{B1907FD9-6762-481C-99B4-C877129DBBA1}.Release|x64.Build.0 = Release|Any CPU
		{B1907FD9-6762-481C-99B4-C877129DBBA1}.Release|x86.ActiveCfg = Release|Any CPU
		{B1907FD9-6762-481C-99B4-C877129DBBA1}.Release|x86.Build.0 = Release|Any CPU
		{E70BC11E-62B6-4500-9B63-C426176BB45D}.Debug|Any CPU.ActiveCfg = Debug|Any CPU
		{E70BC11E-62B6-4500-9B63-C426176BB45D}.Debug|Any CPU.Build.0 = Debug|Any CPU
		{E70BC11E-62B6-4500-9B63-C426176BB45D}.Debug|x64.ActiveCfg = Debug|Any CPU
		{E70BC11E-62B6-4500-9B63-C426176BB45D}.Debug|x64.Build.0 = Debug|Any CPU
		{E70BC11E-62B6-4500-9B63-C426176BB45D}.Debug|x86.ActiveCfg = Debug|Any CPU
		{E70BC11E-62B6-4500-9B63-C426176BB45D}.Debug|x86.Build.0 = Debug|Any CPU
		{E70BC11E-62B6-4500-9B63-C426176BB45D}.Release|Any CPU.ActiveCfg = Release|Any CPU
		{E70BC11E-62B6-4500-9B63-C426176BB45D}.Release|Any CPU.Build.0 = Release|Any CPU
		{E70BC11E-62B6-4500-9B63-C426176BB45D}.Release|x64.ActiveCfg = Release|Any CPU
		{E70BC11E-62B6-4500-9B63-C426176BB45D}.Release|x64.Build.0 = Release|Any CPU
		{E70BC11E-62B6-4500-9B63-C426176BB45D}.Release|x86.ActiveCfg = Release|Any CPU
		{E70BC11E-62B6-4500-9B63-C426176BB45D}.Release|x86.Build.0 = Release|Any CPU
		{1183CDA5-6FC0-4663-AB54-3E67C11464C6}.Debug|Any CPU.ActiveCfg = Debug|Any CPU
		{1183CDA5-6FC0-4663-AB54-3E67C11464C6}.Debug|Any CPU.Build.0 = Debug|Any CPU
		{1183CDA5-6FC0-4663-AB54-3E67C11464C6}.Debug|x64.ActiveCfg = Debug|Any CPU
		{1183CDA5-6FC0-4663-AB54-3E67C11464C6}.Debug|x64.Build.0 = Debug|Any CPU
		{1183CDA5-6FC0-4663-AB54-3E67C11464C6}.Debug|x86.ActiveCfg = Debug|Any CPU
		{1183CDA5-6FC0-4663-AB54-3E67C11464C6}.Debug|x86.Build.0 = Debug|Any CPU
		{1183CDA5-6FC0-4663-AB54-3E67C11464C6}.Release|Any CPU.ActiveCfg = Release|Any CPU
		{1183CDA5-6FC0-4663-AB54-3E67C11464C6}.Release|Any CPU.Build.0 = Release|Any CPU
		{1183CDA5-6FC0-4663-AB54-3E67C11464C6}.Release|x64.ActiveCfg = Release|Any CPU
		{1183CDA5-6FC0-4663-AB54-3E67C11464C6}.Release|x64.Build.0 = Release|Any CPU
		{1183CDA5-6FC0-4663-AB54-3E67C11464C6}.Release|x86.ActiveCfg = Release|Any CPU
		{1183CDA5-6FC0-4663-AB54-3E67C11464C6}.Release|x86.Build.0 = Release|Any CPU
	EndGlobalSection
	GlobalSection(SolutionProperties) = preSolution
		HideSolutionNode = FALSE
	EndGlobalSection
	GlobalSection(NestedProjects) = preSolution
		{12DA732E-02E7-481C-A2F3-42241AA3451C} = {EB8C330F-80EA-841C-30F4-04C51F0D6B14}
		{DAF25A61-236B-45A1-9B98-A2D4034E1CA9} = {EB8C330F-80EA-841C-30F4-04C51F0D6B14}
		{CA707C25-F623-4F96-BF11-BFBEC71C35CD} = {EB8C330F-80EA-841C-30F4-04C51F0D6B14}
		{1A1A6FF1-C129-44BE-955A-668D6ED14073} = {EB8C330F-80EA-841C-30F4-04C51F0D6B14}
		{D9F02C6B-5D90-42F0-A988-95A4E2CA8C3C} = {ABB53AA5-F7C2-A729-C752-6DE9C4130322}
		{3B67080A-3D09-4E99-B60E-840AA1EEA4E3} = {836A9228-B254-F07C-B988-1D5D7393311A}
		{DEA21D7C-D7CF-4028-B266-A542EFB21AE0} = {836A9228-B254-F07C-B988-1D5D7393311A}
		{971E5B7E-6CB5-4DF5-A41A-491CD3AF9208} = {836A9228-B254-F07C-B988-1D5D7393311A}
		{F5B6CEBD-B560-42DD-A799-04C94DEFB2E0} = {836A9228-B254-F07C-B988-1D5D7393311A}
		{8622C919-BD48-4850-AC1C-209FF3A39B7C} = {47829A7C-01DB-05F6-B759-EDD780600286}
		{48D15164-FB81-4DAA-BDF7-5E0C9ABD8B1A} = {47829A7C-01DB-05F6-B759-EDD780600286}
		{E5F6CAFC-87AA-41CB-AF1B-EEFF9D847CDF} = {47829A7C-01DB-05F6-B759-EDD780600286}
		{A032A80D-034A-45A8-8565-BD1E662D229D} = {47829A7C-01DB-05F6-B759-EDD780600286}
		{8B9226F5-1F87-44C8-88F7-82912BCC0E5D} = {2347E559-AE55-1F7F-008D-61F17BE36D69}
		{190D849C-0659-4078-9F32-5CC378D99167} = {2347E559-AE55-1F7F-008D-61F17BE36D69}
		{5036BCEC-625B-4855-AD01-16FA8759FC96} = {2347E559-AE55-1F7F-008D-61F17BE36D69}
		{A1F10C11-0C1F-4FDC-A4E6-A6E73F1AD5F6} = {6754B3BF-C746-1C8E-0D7F-DD0001758D23}
		{567134FF-CFB4-491B-9B8A-C641821B91D7} = {6754B3BF-C746-1C8E-0D7F-DD0001758D23}
		{67435ECA-7FAF-4855-AF19-D072D67B0464} = {6754B3BF-C746-1C8E-0D7F-DD0001758D23}
		{F977CF89-DDF3-4772-BEC5-126DBDA3ED6D} = {6754B3BF-C746-1C8E-0D7F-DD0001758D23}
		{DB0B4BE8-9CB0-4AF7-ADAE-CA0A4262253A} = {C014DFE6-E8F6-9788-B79D-D665D494CEFA}
		{908F6A58-A43E-4093-BFCA-366D019E8E82} = {C014DFE6-E8F6-9788-B79D-D665D494CEFA}
		{97270037-E710-4465-B0D8-5E8A9F92A6C7} = {C014DFE6-E8F6-9788-B79D-D665D494CEFA}
		{EFAD698D-F09F-4C64-BFA5-5D13B1647334} = {C014DFE6-E8F6-9788-B79D-D665D494CEFA}
		{2FEF3769-B466-4D48-89EE-0B4C84E3CD9B} = {04C25422-C47B-9A2C-EF3B-DB55581557D0}
		{7434D6BA-8ADB-41D0-B140-3E4F8A78A669} = {4630C081-093F-72A2-E0F2-65D7B4A1F984}
		{1B254482-481F-4037-86DF-E557720E2315} = {582102AB-AA77-B960-229C-17A838CC467A}
		{D33075C4-3DB8-49B5-936C-DE45A4F87FE8} = {EB8C330F-80EA-841C-30F4-04C51F0D6B14}
		{90D9FDF2-810E-4F18-860E-E800DFAD0EC0} = {836A9228-B254-F07C-B988-1D5D7393311A}
		{B8EB36E2-5A24-42C9-94F7-6EC0F3087C1A} = {47829A7C-01DB-05F6-B759-EDD780600286}
		{81D364E3-D4CD-45EE-96A3-2745FBDA29EE} = {2347E559-AE55-1F7F-008D-61F17BE36D69}
		{B1907FD9-6762-481C-99B4-C877129DBBA1} = {6754B3BF-C746-1C8E-0D7F-DD0001758D23}
		{E70BC11E-62B6-4500-9B63-C426176BB45D} = {C014DFE6-E8F6-9788-B79D-D665D494CEFA}
		{1183CDA5-6FC0-4663-AB54-3E67C11464C6} = {ABB53AA5-F7C2-A729-C752-6DE9C4130322}
	EndGlobalSection
EndGlobal
