
Microsoft Visual Studio Solution File, Format Version 12.00
# Visual Studio Version 17
VisualStudioVersion = 17.0.31903.59
MinimumVisualStudioVersion = 10.0.40219.1
Project("{FAE04EC0-301F-11D3-BF4B-00C04F79EFBC}") = "KunstButikken.AppHost", "KunstButikken.AppHost\KunstButikken.AppHost.csproj", "{0B21407B-A6ED-41FE-A005-F57AB0A47C56}"
EndProject
Project("{FAE04EC0-301F-11D3-BF4B-00C04F79EFBC}") = "KunstButikken.ServiceDefaults", "..\KunstButikken.ServiceDefaults\KunstButikken.ServiceDefaults.csproj", "{A9B7D9D1-D2B1-4DA6-B21B-31F34FE69F9F}"
EndProject
Project("{FAE04EC0-301F-11D3-BF4B-00C04F79EFBC}") = "KunstButikken.PaymentService", "..\KunstButikken.PaymentService\KunstButikken.PaymentService\KunstButikken.PaymentService.csproj", "{DB6C1950-D636-4E38-AB82-30359FDF7A71}"
EndProject
Project("{FAE04EC0-301F-11D3-BF4B-00C04F79EFBC}") = "KunstButikken.ArtService", "..\KunstButikken.ArtService\KunstButikken.ArtService\KunstButikken.ArtService.csproj", "{983AEF44-B1F8-46DC-8F01-05E98B1DF286}"
EndProject
Project("{FAE04EC0-301F-11D3-BF4B-00C04F79EFBC}") = "KunstButikken.ArtService.Domain", "..\KunstButikken.ArtService\KunstButikken.ArtService\Domain\KunstButikken.ArtService.Domain.csproj", "{319A3F44-12C4-410D-AC18-05ABABFE8B56}"
EndProject
Project("{FAE04EC0-301F-11D3-BF4B-00C04F79EFBC}") = "KunstButikken.ArtService.Application", "..\KunstButikken.ArtService\KunstButikken.ArtService\Application\KunstButikken.ArtService.Application.csproj", "{8E826526-DBED-48D6-B20E-52AF2B622E54}"
EndProject
Project("{FAE04EC0-301F-11D3-BF4B-00C04F79EFBC}") = "KunstButikken.ArtService.Infrastructure", "..\KunstButikken.ArtService\KunstButikken.ArtService\Infrastructure\KunstButikken.ArtService.Infrastructure.csproj", "{7C3E5D6A-2CAA-4359-8651-34464C6E05BE}"
EndProject
Project("{FAE04EC0-301F-11D3-BF4B-00C04F79EFBC}") = "KunstButikken.AuthGateway", "..\KunstButikken.AuthGateway\KunstButikken.AuthGateway\KunstButikken.AuthGateway.csproj", "{49ECBA33-748D-4117-BD0F-89147AB61E7E}"
EndProject
Project("{2150E333-8FDC-42A3-9474-1A3956D46DE8}") = ".tmp", ".tmp", "{8171D0AE-4262-3EAB-52BD-BB021CE126C4}"
EndProject
Project("{FAE04EC0-301F-11D3-BF4B-00C04F79EFBC}") = "nullblobtest", ".tmp\nullblobtest\nullblobtest.csproj", "{C8321AF1-A5EE-45E3-8A99-4464C81AA763}"
EndProject
Project("{FAE04EC0-301F-11D3-BF4B-00C04F79EFBC}") = "Application", "..\KunstButikken.AdminService\KunstButikken.AdminService\Application\Application.csproj", "{F598F2E8-5806-4943-B0DC-0BABA868AA6C}"
EndProject
Project("{FAE04EC0-301F-11D3-BF4B-00C04F79EFBC}") = "Domain", "..\KunstButikken.AdminService\KunstButikken.AdminService\Domain\Domain.csproj", "{4E74A8DF-DD5F-4F13-BD40-B31D237E89CF}"
EndProject
Project("{FAE04EC0-301F-11D3-BF4B-00C04F79EFBC}") = "KunstButikken.AdminService.Domain", "..\KunstButikken.AdminService\KunstButikken.AdminService\Domain\KunstButikken.AdminService.Domain.csproj", "{0521D1A0-B6D2-4BA5-AC43-7461BA91AFF8}"
EndProject
Project("{FAE04EC0-301F-11D3-BF4B-00C04F79EFBC}") = "KunstButikken.AdminService.Application", "..\KunstButikken.AdminService\KunstButikken.AdminService\Application\KunstButikken.AdminService.Application.csproj", "{5FD531F9-8760-4690-A04B-EEDE05BAB742}"
EndProject
Project("{FAE04EC0-301F-11D3-BF4B-00C04F79EFBC}") = "KunstButikken.IntegrationEvents.Contracts", "..\KunstButikken.IntegrationEvents.Contracts\KunstButikken.IntegrationEvents.Contracts.csproj", "{758B3DA2-26D7-459A-A8FE-B7D58218BF8A}"
EndProject
Project("{FAE04EC0-301F-11D3-BF4B-00C04F79EFBC}") = "KunstButikken.Common.Logging", "..\KunstButikken.Common.Logging\KunstButikken.Common.Logging.csproj", "{DB02A64A-CF23-46AD-87B4-23809768CD71}"
EndProject
Project("{FAE04EC0-301F-11D3-BF4B-00C04F79EFBC}") = "KunstButikken.AdminService", "..\KunstButikken.AdminService\KunstButikken.AdminService\KunstButikken.AdminService.csproj", "{8C542E34-F1CE-4022-B2D0-EF9F13BFE834}"
EndProject
Project("{FAE04EC0-301F-11D3-BF4B-00C04F79EFBC}") = "KunstButikken.AdminService.Infrastructure", "..\KunstButikken.AdminService\KunstButikken.AdminService\Infrastructure\KunstButikken.AdminService.Infrastructure.csproj", "{70F06FAF-413F-4AC4-B6D9-50D16D9B0389}"
EndProject
Project("{FAE04EC0-301F-11D3-BF4B-00C04F79EFBC}") = "Infrastructure", "..\KunstButikken.AdminService\KunstButikken.AdminService\Infrastructure\Infrastructure.csproj", "{4A2C61A8-103A-4F03-8D75-292A84C0B209}"
EndProject
Project("{FAE04EC0-301F-11D3-BF4B-00C04F79EFBC}") = "KunstButikken.AuctionService", "..\KunstButikken.AuctionService\KunstButikken.AuctionService\KunstButikken.AuctionService.csproj", "{1527C4D3-3CC9-4ABD-A957-15840B5737C1}"
EndProject
Project("{FAE04EC0-301F-11D3-BF4B-00C04F79EFBC}") = "KunstButikken.AuctionService.Domain", "..\KunstButikken.AuctionService\KunstButikken.AuctionService\Domain\KunstButikken.AuctionService.Domain.csproj", "{6BF4C6FE-DEA1-476F-84AC-8C052E69AFB8}"
EndProject
Project("{FAE04EC0-301F-11D3-BF4B-00C04F79EFBC}") = "KunstButikken.AuctionService.Infrastructure", "..\KunstButikken.AuctionService\KunstButikken.AuctionService\Infrastructure\KunstButikken.AuctionService.Infrastructure.csproj", "{C0466A06-66BB-44E4-AE42-445F377938BE}"
EndProject
Project("{FAE04EC0-301F-11D3-BF4B-00C04F79EFBC}") = "KunstButikken.AuctionService.Application", "..\KunstButikken.AuctionService\KunstButikken.AuctionService\Application\KunstButikken.AuctionService.Application.csproj", "{95C8EACA-5D16-42B9-A93B-49BBD7EDBC79}"
EndProject
Project("{FAE04EC0-301F-11D3-BF4B-00C04F79EFBC}") = "KunstButikken.UserService.Application", "..\KunstButikken.UserService\KunstButikken.UserService\Application\KunstButikken.UserService.Application.csproj", "{FB18E9F1-70E7-448E-B7B5-342D336C1C73}"
EndProject
Project("{FAE04EC0-301F-11D3-BF4B-00C04F79EFBC}") = "KunstButikken.UserService.Domain", "..\KunstButikken.UserService\KunstButikken.UserService\Domain\KunstButikken.UserService.Domain.csproj", "{7A2637D3-1CC1-4914-BFE6-042053B27316}"
EndProject
Project("{FAE04EC0-301F-11D3-BF4B-00C04F79EFBC}") = "KunstButikken.UserService.Infrastructure", "..\KunstButikken.UserService\KunstButikken.UserService\Infrastructure\KunstButikken.UserService.Infrastructure.csproj", "{81CA44B2-AAAE-49EA-9444-12342E7DE6AF}"
EndProject
Project("{FAE04EC0-301F-11D3-BF4B-00C04F79EFBC}") = "KunstButikken.UserService", "..\KunstButikken.UserService\KunstButikken.UserService\KunstButikken.UserService.csproj", "{0E7FEEAF-CF0F-43D9-8D50-D496F3EEDFA8}"
EndProject
Global
	GlobalSection(SolutionConfigurationPlatforms) = preSolution
		Debug|Any CPU = Debug|Any CPU
		Debug|x64 = Debug|x64
		Debug|x86 = Debug|x86
		Release|Any CPU = Release|Any CPU
		Release|x64 = Release|x64
		Release|x86 = Release|x86
	EndGlobalSection
	GlobalSection(ProjectConfigurationPlatforms) = postSolution
		{0B21407B-A6ED-41FE-A005-F57AB0A47C56}.Debug|Any CPU.ActiveCfg = Debug|Any CPU
		{0B21407B-A6ED-41FE-A005-F57AB0A47C56}.Debug|Any CPU.Build.0 = Debug|Any CPU
		{0B21407B-A6ED-41FE-A005-F57AB0A47C56}.Debug|x64.ActiveCfg = Debug|Any CPU
		{0B21407B-A6ED-41FE-A005-F57AB0A47C56}.Debug|x64.Build.0 = Debug|Any CPU
		{0B21407B-A6ED-41FE-A005-F57AB0A47C56}.Debug|x86.ActiveCfg = Debug|Any CPU
		{0B21407B-A6ED-41FE-A005-F57AB0A47C56}.Debug|x86.Build.0 = Debug|Any CPU
		{0B21407B-A6ED-41FE-A005-F57AB0A47C56}.Release|Any CPU.ActiveCfg = Release|Any CPU
		{0B21407B-A6ED-41FE-A005-F57AB0A47C56}.Release|Any CPU.Build.0 = Release|Any CPU
		{0B21407B-A6ED-41FE-A005-F57AB0A47C56}.Release|x64.ActiveCfg = Release|Any CPU
		{0B21407B-A6ED-41FE-A005-F57AB0A47C56}.Release|x64.Build.0 = Release|Any CPU
		{0B21407B-A6ED-41FE-A005-F57AB0A47C56}.Release|x86.ActiveCfg = Release|Any CPU
		{0B21407B-A6ED-41FE-A005-F57AB0A47C56}.Release|x86.Build.0 = Release|Any CPU
		{A9B7D9D1-D2B1-4DA6-B21B-31F34FE69F9F}.Debug|Any CPU.ActiveCfg = Debug|Any CPU
		{A9B7D9D1-D2B1-4DA6-B21B-31F34FE69F9F}.Debug|Any CPU.Build.0 = Debug|Any CPU
		{A9B7D9D1-D2B1-4DA6-B21B-31F34FE69F9F}.Debug|x64.ActiveCfg = Debug|Any CPU
		{A9B7D9D1-D2B1-4DA6-B21B-31F34FE69F9F}.Debug|x64.Build.0 = Debug|Any CPU
		{A9B7D9D1-D2B1-4DA6-B21B-31F34FE69F9F}.Debug|x86.ActiveCfg = Debug|Any CPU
		{A9B7D9D1-D2B1-4DA6-B21B-31F34FE69F9F}.Debug|x86.Build.0 = Debug|Any CPU
		{A9B7D9D1-D2B1-4DA6-B21B-31F34FE69F9F}.Release|Any CPU.ActiveCfg = Release|Any CPU
		{A9B7D9D1-D2B1-4DA6-B21B-31F34FE69F9F}.Release|Any CPU.Build.0 = Release|Any CPU
		{A9B7D9D1-D2B1-4DA6-B21B-31F34FE69F9F}.Release|x64.ActiveCfg = Release|Any CPU
		{A9B7D9D1-D2B1-4DA6-B21B-31F34FE69F9F}.Release|x64.Build.0 = Release|Any CPU
		{A9B7D9D1-D2B1-4DA6-B21B-31F34FE69F9F}.Release|x86.ActiveCfg = Release|Any CPU
		{A9B7D9D1-D2B1-4DA6-B21B-31F34FE69F9F}.Release|x86.Build.0 = Release|Any CPU
		{DB6C1950-D636-4E38-AB82-30359FDF7A71}.Debug|Any CPU.ActiveCfg = Debug|Any CPU
		{DB6C1950-D636-4E38-AB82-30359FDF7A71}.Debug|Any CPU.Build.0 = Debug|Any CPU
		{DB6C1950-D636-4E38-AB82-30359FDF7A71}.Debug|x64.ActiveCfg = Debug|Any CPU
		{DB6C1950-D636-4E38-AB82-30359FDF7A71}.Debug|x64.Build.0 = Debug|Any CPU
		{DB6C1950-D636-4E38-AB82-30359FDF7A71}.Debug|x86.ActiveCfg = Debug|Any CPU
		{DB6C1950-D636-4E38-AB82-30359FDF7A71}.Debug|x86.Build.0 = Debug|Any CPU
		{DB6C1950-D636-4E38-AB82-30359FDF7A71}.Release|Any CPU.ActiveCfg = Release|Any CPU
		{DB6C1950-D636-4E38-AB82-30359FDF7A71}.Release|Any CPU.Build.0 = Release|Any CPU
		{DB6C1950-D636-4E38-AB82-30359FDF7A71}.Release|x64.ActiveCfg = Release|Any CPU
		{DB6C1950-D636-4E38-AB82-30359FDF7A71}.Release|x64.Build.0 = Release|Any CPU
		{DB6C1950-D636-4E38-AB82-30359FDF7A71}.Release|x86.ActiveCfg = Release|Any CPU
		{DB6C1950-D636-4E38-AB82-30359FDF7A71}.Release|x86.Build.0 = Release|Any CPU
		{983AEF44-B1F8-46DC-8F01-05E98B1DF286}.Debug|Any CPU.ActiveCfg = Debug|Any CPU
		{983AEF44-B1F8-46DC-8F01-05E98B1DF286}.Debug|Any CPU.Build.0 = Debug|Any CPU
		{983AEF44-B1F8-46DC-8F01-05E98B1DF286}.Debug|x64.ActiveCfg = Debug|Any CPU
		{983AEF44-B1F8-46DC-8F01-05E98B1DF286}.Debug|x64.Build.0 = Debug|Any CPU
		{983AEF44-B1F8-46DC-8F01-05E98B1DF286}.Debug|x86.ActiveCfg = Debug|Any CPU
		{983AEF44-B1F8-46DC-8F01-05E98B1DF286}.Debug|x86.Build.0 = Debug|Any CPU
		{983AEF44-B1F8-46DC-8F01-05E98B1DF286}.Release|Any CPU.ActiveCfg = Release|Any CPU
		{983AEF44-B1F8-46DC-8F01-05E98B1DF286}.Release|Any CPU.Build.0 = Release|Any CPU
		{983AEF44-B1F8-46DC-8F01-05E98B1DF286}.Release|x64.ActiveCfg = Release|Any CPU
		{983AEF44-B1F8-46DC-8F01-05E98B1DF286}.Release|x64.Build.0 = Release|Any CPU
		{983AEF44-B1F8-46DC-8F01-05E98B1DF286}.Release|x86.ActiveCfg = Release|Any CPU
		{983AEF44-B1F8-46DC-8F01-05E98B1DF286}.Release|x86.Build.0 = Release|Any CPU
		{319A3F44-12C4-410D-AC18-05ABABFE8B56}.Debug|Any CPU.ActiveCfg = Debug|Any CPU
		{319A3F44-12C4-410D-AC18-05ABABFE8B56}.Debug|Any CPU.Build.0 = Debug|Any CPU
		{319A3F44-12C4-410D-AC18-05ABABFE8B56}.Debug|x64.ActiveCfg = Debug|Any CPU
		{319A3F44-12C4-410D-AC18-05ABABFE8B56}.Debug|x64.Build.0 = Debug|Any CPU
		{319A3F44-12C4-410D-AC18-05ABABFE8B56}.Debug|x86.ActiveCfg = Debug|Any CPU
		{319A3F44-12C4-410D-AC18-05ABABFE8B56}.Debug|x86.Build.0 = Debug|Any CPU
		{319A3F44-12C4-410D-AC18-05ABABFE8B56}.Release|Any CPU.ActiveCfg = Release|Any CPU
		{319A3F44-12C4-410D-AC18-05ABABFE8B56}.Release|Any CPU.Build.0 = Release|Any CPU
		{319A3F44-12C4-410D-AC18-05ABABFE8B56}.Release|x64.ActiveCfg = Release|Any CPU
		{319A3F44-12C4-410D-AC18-05ABABFE8B56}.Release|x64.Build.0 = Release|Any CPU
		{319A3F44-12C4-410D-AC18-05ABABFE8B56}.Release|x86.ActiveCfg = Release|Any CPU
		{319A3F44-12C4-410D-AC18-05ABABFE8B56}.Release|x86.Build.0 = Release|Any CPU
		{8E826526-DBED-48D6-B20E-52AF2B622E54}.Debug|Any CPU.ActiveCfg = Debug|Any CPU
		{8E826526-DBED-48D6-B20E-52AF2B622E54}.Debug|Any CPU.Build.0 = Debug|Any CPU
		{8E826526-DBED-48D6-B20E-52AF2B622E54}.Debug|x64.ActiveCfg = Debug|Any CPU
		{8E826526-DBED-48D6-B20E-52AF2B622E54}.Debug|x64.Build.0 = Debug|Any CPU
		{8E826526-DBED-48D6-B20E-52AF2B622E54}.Debug|x86.ActiveCfg = Debug|Any CPU
		{8E826526-DBED-48D6-B20E-52AF2B622E54}.Debug|x86.Build.0 = Debug|Any CPU
		{8E826526-DBED-48D6-B20E-52AF2B622E54}.Release|Any CPU.ActiveCfg = Release|Any CPU
		{8E826526-DBED-48D6-B20E-52AF2B622E54}.Release|Any CPU.Build.0 = Release|Any CPU
		{8E826526-DBED-48D6-B20E-52AF2B622E54}.Release|x64.ActiveCfg = Release|Any CPU
		{8E826526-DBED-48D6-B20E-52AF2B622E54}.Release|x64.Build.0 = Release|Any CPU
		{8E826526-DBED-48D6-B20E-52AF2B622E54}.Release|x86.ActiveCfg = Release|Any CPU
		{8E826526-DBED-48D6-B20E-52AF2B622E54}.Release|x86.Build.0 = Release|Any CPU
		{7C3E5D6A-2CAA-4359-8651-34464C6E05BE}.Debug|Any CPU.ActiveCfg = Debug|Any CPU
		{7C3E5D6A-2CAA-4359-8651-34464C6E05BE}.Debug|Any CPU.Build.0 = Debug|Any CPU
		{7C3E5D6A-2CAA-4359-8651-34464C6E05BE}.Debug|x64.ActiveCfg = Debug|Any CPU
		{7C3E5D6A-2CAA-4359-8651-34464C6E05BE}.Debug|x64.Build.0 = Debug|Any CPU
		{7C3E5D6A-2CAA-4359-8651-34464C6E05BE}.Debug|x86.ActiveCfg = Debug|Any CPU
		{7C3E5D6A-2CAA-4359-8651-34464C6E05BE}.Debug|x86.Build.0 = Debug|Any CPU
		{7C3E5D6A-2CAA-4359-8651-34464C6E05BE}.Release|Any CPU.ActiveCfg = Release|Any CPU
		{7C3E5D6A-2CAA-4359-8651-34464C6E05BE}.Release|Any CPU.Build.0 = Release|Any CPU
		{7C3E5D6A-2CAA-4359-8651-34464C6E05BE}.Release|x64.ActiveCfg = Release|Any CPU
		{7C3E5D6A-2CAA-4359-8651-34464C6E05BE}.Release|x64.Build.0 = Release|Any CPU
		{7C3E5D6A-2CAA-4359-8651-34464C6E05BE}.Release|x86.ActiveCfg = Release|Any CPU
		{7C3E5D6A-2CAA-4359-8651-34464C6E05BE}.Release|x86.Build.0 = Release|Any CPU
		{49ECBA33-748D-4117-BD0F-89147AB61E7E}.Debug|Any CPU.ActiveCfg = Debug|Any CPU
		{49ECBA33-748D-4117-BD0F-89147AB61E7E}.Debug|Any CPU.Build.0 = Debug|Any CPU
		{49ECBA33-748D-4117-BD0F-89147AB61E7E}.Debug|x64.ActiveCfg = Debug|Any CPU
		{49ECBA33-748D-4117-BD0F-89147AB61E7E}.Debug|x64.Build.0 = Debug|Any CPU
		{49ECBA33-748D-4117-BD0F-89147AB61E7E}.Debug|x86.ActiveCfg = Debug|Any CPU
		{49ECBA33-748D-4117-BD0F-89147AB61E7E}.Debug|x86.Build.0 = Debug|Any CPU
		{49ECBA33-748D-4117-BD0F-89147AB61E7E}.Release|Any CPU.ActiveCfg = Release|Any CPU
		{49ECBA33-748D-4117-BD0F-89147AB61E7E}.Release|Any CPU.Build.0 = Release|Any CPU
		{49ECBA33-748D-4117-BD0F-89147AB61E7E}.Release|x64.ActiveCfg = Release|Any CPU
		{49ECBA33-748D-4117-BD0F-89147AB61E7E}.Release|x64.Build.0 = Release|Any CPU
		{49ECBA33-748D-4117-BD0F-89147AB61E7E}.Release|x86.ActiveCfg = Release|Any CPU
		{49ECBA33-748D-4117-BD0F-89147AB61E7E}.Release|x86.Build.0 = Release|Any CPU
		{C8321AF1-A5EE-45E3-8A99-4464C81AA763}.Debug|Any CPU.ActiveCfg = Debug|Any CPU
		{C8321AF1-A5EE-45E3-8A99-4464C81AA763}.Debug|Any CPU.Build.0 = Debug|Any CPU
		{C8321AF1-A5EE-45E3-8A99-4464C81AA763}.Debug|x64.ActiveCfg = Debug|Any CPU
		{C8321AF1-A5EE-45E3-8A99-4464C81AA763}.Debug|x64.Build.0 = Debug|Any CPU
		{C8321AF1-A5EE-45E3-8A99-4464C81AA763}.Debug|x86.ActiveCfg = Debug|Any CPU
		{C8321AF1-A5EE-45E3-8A99-4464C81AA763}.Debug|x86.Build.0 = Debug|Any CPU
		{C8321AF1-A5EE-45E3-8A99-4464C81AA763}.Release|Any CPU.ActiveCfg = Release|Any CPU
		{C8321AF1-A5EE-45E3-8A99-4464C81AA763}.Release|Any CPU.Build.0 = Release|Any CPU
		{C8321AF1-A5EE-45E3-8A99-4464C81AA763}.Release|x64.ActiveCfg = Release|Any CPU
		{C8321AF1-A5EE-45E3-8A99-4464C81AA763}.Release|x64.Build.0 = Release|Any CPU
		{C8321AF1-A5EE-45E3-8A99-4464C81AA763}.Release|x86.ActiveCfg = Release|Any CPU
		{C8321AF1-A5EE-45E3-8A99-4464C81AA763}.Release|x86.Build.0 = Release|Any CPU
		{F598F2E8-5806-4943-B0DC-0BABA868AA6C}.Debug|Any CPU.ActiveCfg = Debug|Any CPU
		{F598F2E8-5806-4943-B0DC-0BABA868AA6C}.Debug|Any CPU.Build.0 = Debug|Any CPU
		{F598F2E8-5806-4943-B0DC-0BABA868AA6C}.Debug|x64.ActiveCfg = Debug|Any CPU
		{F598F2E8-5806-4943-B0DC-0BABA868AA6C}.Debug|x64.Build.0 = Debug|Any CPU
		{F598F2E8-5806-4943-B0DC-0BABA868AA6C}.Debug|x86.ActiveCfg = Debug|Any CPU
		{F598F2E8-5806-4943-B0DC-0BABA868AA6C}.Debug|x86.Build.0 = Debug|Any CPU
		{F598F2E8-5806-4943-B0DC-0BABA868AA6C}.Release|Any CPU.ActiveCfg = Release|Any CPU
		{F598F2E8-5806-4943-B0DC-0BABA868AA6C}.Release|Any CPU.Build.0 = Release|Any CPU
		{F598F2E8-5806-4943-B0DC-0BABA868AA6C}.Release|x64.ActiveCfg = Release|Any CPU
		{F598F2E8-5806-4943-B0DC-0BABA868AA6C}.Release|x64.Build.0 = Release|Any CPU
		{F598F2E8-5806-4943-B0DC-0BABA868AA6C}.Release|x86.ActiveCfg = Release|Any CPU
		{F598F2E8-5806-4943-B0DC-0BABA868AA6C}.Release|x86.Build.0 = Release|Any CPU
		{4E74A8DF-DD5F-4F13-BD40-B31D237E89CF}.Debug|Any CPU.ActiveCfg = Debug|Any CPU
		{4E74A8DF-DD5F-4F13-BD40-B31D237E89CF}.Debug|Any CPU.Build.0 = Debug|Any CPU
		{4E74A8DF-DD5F-4F13-BD40-B31D237E89CF}.Debug|x64.ActiveCfg = Debug|Any CPU
		{4E74A8DF-DD5F-4F13-BD40-B31D237E89CF}.Debug|x64.Build.0 = Debug|Any CPU
		{4E74A8DF-DD5F-4F13-BD40-B31D237E89CF}.Debug|x86.ActiveCfg = Debug|Any CPU
		{4E74A8DF-DD5F-4F13-BD40-B31D237E89CF}.Debug|x86.Build.0 = Debug|Any CPU
		{4E74A8DF-DD5F-4F13-BD40-B31D237E89CF}.Release|Any CPU.ActiveCfg = Release|Any CPU
		{4E74A8DF-DD5F-4F13-BD40-B31D237E89CF}.Release|Any CPU.Build.0 = Release|Any CPU
		{4E74A8DF-DD5F-4F13-BD40-B31D237E89CF}.Release|x64.ActiveCfg = Release|Any CPU
		{4E74A8DF-DD5F-4F13-BD40-B31D237E89CF}.Release|x64.Build.0 = Release|Any CPU
		{4E74A8DF-DD5F-4F13-BD40-B31D237E89CF}.Release|x86.ActiveCfg = Release|Any CPU
		{4E74A8DF-DD5F-4F13-BD40-B31D237E89CF}.Release|x86.Build.0 = Release|Any CPU
		{0521D1A0-B6D2-4BA5-AC43-7461BA91AFF8}.Debug|Any CPU.ActiveCfg = Debug|Any CPU
		{0521D1A0-B6D2-4BA5-AC43-7461BA91AFF8}.Debug|Any CPU.Build.0 = Debug|Any CPU
		{0521D1A0-B6D2-4BA5-AC43-7461BA91AFF8}.Debug|x64.ActiveCfg = Debug|Any CPU
		{0521D1A0-B6D2-4BA5-AC43-7461BA91AFF8}.Debug|x64.Build.0 = Debug|Any CPU
		{0521D1A0-B6D2-4BA5-AC43-7461BA91AFF8}.Debug|x86.ActiveCfg = Debug|Any CPU
		{0521D1A0-B6D2-4BA5-AC43-7461BA91AFF8}.Debug|x86.Build.0 = Debug|Any CPU
		{0521D1A0-B6D2-4BA5-AC43-7461BA91AFF8}.Release|Any CPU.ActiveCfg = Release|Any CPU
		{0521D1A0-B6D2-4BA5-AC43-7461BA91AFF8}.Release|Any CPU.Build.0 = Release|Any CPU
		{0521D1A0-B6D2-4BA5-AC43-7461BA91AFF8}.Release|x64.ActiveCfg = Release|Any CPU
		{0521D1A0-B6D2-4BA5-AC43-7461BA91AFF8}.Release|x64.Build.0 = Release|Any CPU
		{0521D1A0-B6D2-4BA5-AC43-7461BA91AFF8}.Release|x86.ActiveCfg = Release|Any CPU
		{0521D1A0-B6D2-4BA5-AC43-7461BA91AFF8}.Release|x86.Build.0 = Release|Any CPU
		{5FD531F9-8760-4690-A04B-EEDE05BAB742}.Debug|Any CPU.ActiveCfg = Debug|Any CPU
		{5FD531F9-8760-4690-A04B-EEDE05BAB742}.Debug|Any CPU.Build.0 = Debug|Any CPU
		{5FD531F9-8760-4690-A04B-EEDE05BAB742}.Debug|x64.ActiveCfg = Debug|Any CPU
		{5FD531F9-8760-4690-A04B-EEDE05BAB742}.Debug|x64.Build.0 = Debug|Any CPU
		{5FD531F9-8760-4690-A04B-EEDE05BAB742}.Debug|x86.ActiveCfg = Debug|Any CPU
		{5FD531F9-8760-4690-A04B-EEDE05BAB742}.Debug|x86.Build.0 = Debug|Any CPU
		{5FD531F9-8760-4690-A04B-EEDE05BAB742}.Release|Any CPU.ActiveCfg = Release|Any CPU
		{5FD531F9-8760-4690-A04B-EEDE05BAB742}.Release|Any CPU.Build.0 = Release|Any CPU
		{5FD531F9-8760-4690-A04B-EEDE05BAB742}.Release|x64.ActiveCfg = Release|Any CPU
		{5FD531F9-8760-4690-A04B-EEDE05BAB742}.Release|x64.Build.0 = Release|Any CPU
		{5FD531F9-8760-4690-A04B-EEDE05BAB742}.Release|x86.ActiveCfg = Release|Any CPU
		{5FD531F9-8760-4690-A04B-EEDE05BAB742}.Release|x86.Build.0 = Release|Any CPU
		{758B3DA2-26D7-459A-A8FE-B7D58218BF8A}.Debug|Any CPU.ActiveCfg = Debug|Any CPU
		{758B3DA2-26D7-459A-A8FE-B7D58218BF8A}.Debug|Any CPU.Build.0 = Debug|Any CPU
		{758B3DA2-26D7-459A-A8FE-B7D58218BF8A}.Debug|x64.ActiveCfg = Debug|Any CPU
		{758B3DA2-26D7-459A-A8FE-B7D58218BF8A}.Debug|x64.Build.0 = Debug|Any CPU
		{758B3DA2-26D7-459A-A8FE-B7D58218BF8A}.Debug|x86.ActiveCfg = Debug|Any CPU
		{758B3DA2-26D7-459A-A8FE-B7D58218BF8A}.Debug|x86.Build.0 = Debug|Any CPU
		{758B3DA2-26D7-459A-A8FE-B7D58218BF8A}.Release|Any CPU.ActiveCfg = Release|Any CPU
		{758B3DA2-26D7-459A-A8FE-B7D58218BF8A}.Release|Any CPU.Build.0 = Release|Any CPU
		{758B3DA2-26D7-459A-A8FE-B7D58218BF8A}.Release|x64.ActiveCfg = Release|Any CPU
		{758B3DA2-26D7-459A-A8FE-B7D58218BF8A}.Release|x64.Build.0 = Release|Any CPU
		{758B3DA2-26D7-459A-A8FE-B7D58218BF8A}.Release|x86.ActiveCfg = Release|Any CPU
		{758B3DA2-26D7-459A-A8FE-B7D58218BF8A}.Release|x86.Build.0 = Release|Any CPU
		{DB02A64A-CF23-46AD-87B4-23809768CD71}.Debug|Any CPU.ActiveCfg = Debug|Any CPU
		{DB02A64A-CF23-46AD-87B4-23809768CD71}.Debug|Any CPU.Build.0 = Debug|Any CPU
		{DB02A64A-CF23-46AD-87B4-23809768CD71}.Debug|x64.ActiveCfg = Debug|Any CPU
		{DB02A64A-CF23-46AD-87B4-23809768CD71}.Debug|x64.Build.0 = Debug|Any CPU
		{DB02A64A-CF23-46AD-87B4-23809768CD71}.Debug|x86.ActiveCfg = Debug|Any CPU
		{DB02A64A-CF23-46AD-87B4-23809768CD71}.Debug|x86.Build.0 = Debug|Any CPU
		{DB02A64A-CF23-46AD-87B4-23809768CD71}.Release|Any CPU.ActiveCfg = Release|Any CPU
		{DB02A64A-CF23-46AD-87B4-23809768CD71}.Release|Any CPU.Build.0 = Release|Any CPU
		{DB02A64A-CF23-46AD-87B4-23809768CD71}.Release|x64.ActiveCfg = Release|Any CPU
		{DB02A64A-CF23-46AD-87B4-23809768CD71}.Release|x64.Build.0 = Release|Any CPU
		{DB02A64A-CF23-46AD-87B4-23809768CD71}.Release|x86.ActiveCfg = Release|Any CPU
		{DB02A64A-CF23-46AD-87B4-23809768CD71}.Release|x86.Build.0 = Release|Any CPU
		{8C542E34-F1CE-4022-B2D0-EF9F13BFE834}.Debug|Any CPU.ActiveCfg = Debug|Any CPU
		{8C542E34-F1CE-4022-B2D0-EF9F13BFE834}.Debug|Any CPU.Build.0 = Debug|Any CPU
		{8C542E34-F1CE-4022-B2D0-EF9F13BFE834}.Debug|x64.ActiveCfg = Debug|Any CPU
		{8C542E34-F1CE-4022-B2D0-EF9F13BFE834}.Debug|x64.Build.0 = Debug|Any CPU
		{8C542E34-F1CE-4022-B2D0-EF9F13BFE834}.Debug|x86.ActiveCfg = Debug|Any CPU
		{8C542E34-F1CE-4022-B2D0-EF9F13BFE834}.Debug|x86.Build.0 = Debug|Any CPU
		{8C542E34-F1CE-4022-B2D0-EF9F13BFE834}.Release|Any CPU.ActiveCfg = Release|Any CPU
		{8C542E34-F1CE-4022-B2D0-EF9F13BFE834}.Release|Any CPU.Build.0 = Release|Any CPU
		{8C542E34-F1CE-4022-B2D0-EF9F13BFE834}.Release|x64.ActiveCfg = Release|Any CPU
		{8C542E34-F1CE-4022-B2D0-EF9F13BFE834}.Release|x64.Build.0 = Release|Any CPU
		{8C542E34-F1CE-4022-B2D0-EF9F13BFE834}.Release|x86.ActiveCfg = Release|Any CPU
		{8C542E34-F1CE-4022-B2D0-EF9F13BFE834}.Release|x86.Build.0 = Release|Any CPU
		{70F06FAF-413F-4AC4-B6D9-50D16D9B0389}.Debug|Any CPU.ActiveCfg = Debug|Any CPU
		{70F06FAF-413F-4AC4-B6D9-50D16D9B0389}.Debug|Any CPU.Build.0 = Debug|Any CPU
		{70F06FAF-413F-4AC4-B6D9-50D16D9B0389}.Debug|x64.ActiveCfg = Debug|Any CPU
		{70F06FAF-413F-4AC4-B6D9-50D16D9B0389}.Debug|x64.Build.0 = Debug|Any CPU
		{70F06FAF-413F-4AC4-B6D9-50D16D9B0389}.Debug|x86.ActiveCfg = Debug|Any CPU
		{70F06FAF-413F-4AC4-B6D9-50D16D9B0389}.Debug|x86.Build.0 = Debug|Any CPU
		{70F06FAF-413F-4AC4-B6D9-50D16D9B0389}.Release|Any CPU.ActiveCfg = Release|Any CPU
		{70F06FAF-413F-4AC4-B6D9-50D16D9B0389}.Release|Any CPU.Build.0 = Release|Any CPU
		{70F06FAF-413F-4AC4-B6D9-50D16D9B0389}.Release|x64.ActiveCfg = Release|Any CPU
		{70F06FAF-413F-4AC4-B6D9-50D16D9B0389}.Release|x64.Build.0 = Release|Any CPU
		{70F06FAF-413F-4AC4-B6D9-50D16D9B0389}.Release|x86.ActiveCfg = Release|Any CPU
		{70F06FAF-413F-4AC4-B6D9-50D16D9B0389}.Release|x86.Build.0 = Release|Any CPU
		{4A2C61A8-103A-4F03-8D75-292A84C0B209}.Debug|Any CPU.ActiveCfg = Debug|Any CPU
		{4A2C61A8-103A-4F03-8D75-292A84C0B209}.Debug|Any CPU.Build.0 = Debug|Any CPU
		{4A2C61A8-103A-4F03-8D75-292A84C0B209}.Debug|x64.ActiveCfg = Debug|Any CPU
		{4A2C61A8-103A-4F03-8D75-292A84C0B209}.Debug|x64.Build.0 = Debug|Any CPU
		{4A2C61A8-103A-4F03-8D75-292A84C0B209}.Debug|x86.ActiveCfg = Debug|Any CPU
		{4A2C61A8-103A-4F03-8D75-292A84C0B209}.Debug|x86.Build.0 = Debug|Any CPU
		{4A2C61A8-103A-4F03-8D75-292A84C0B209}.Release|Any CPU.ActiveCfg = Release|Any CPU
		{4A2C61A8-103A-4F03-8D75-292A84C0B209}.Release|Any CPU.Build.0 = Release|Any CPU
		{4A2C61A8-103A-4F03-8D75-292A84C0B209}.Release|x64.ActiveCfg = Release|Any CPU
		{4A2C61A8-103A-4F03-8D75-292A84C0B209}.Release|x64.Build.0 = Release|Any CPU
		{4A2C61A8-103A-4F03-8D75-292A84C0B209}.Release|x86.ActiveCfg = Release|Any CPU
		{4A2C61A8-103A-4F03-8D75-292A84C0B209}.Release|x86.Build.0 = Release|Any CPU
		{1527C4D3-3CC9-4ABD-A957-15840B5737C1}.Debug|Any CPU.ActiveCfg = Debug|Any CPU
		{1527C4D3-3CC9-4ABD-A957-15840B5737C1}.Debug|Any CPU.Build.0 = Debug|Any CPU
		{1527C4D3-3CC9-4ABD-A957-15840B5737C1}.Debug|x64.ActiveCfg = Debug|Any CPU
		{1527C4D3-3CC9-4ABD-A957-15840B5737C1}.Debug|x64.Build.0 = Debug|Any CPU
		{1527C4D3-3CC9-4ABD-A957-15840B5737C1}.Debug|x86.ActiveCfg = Debug|Any CPU
		{1527C4D3-3CC9-4ABD-A957-15840B5737C1}.Debug|x86.Build.0 = Debug|Any CPU
		{1527C4D3-3CC9-4ABD-A957-15840B5737C1}.Release|Any CPU.ActiveCfg = Release|Any CPU
		{1527C4D3-3CC9-4ABD-A957-15840B5737C1}.Release|Any CPU.Build.0 = Release|Any CPU
		{1527C4D3-3CC9-4ABD-A957-15840B5737C1}.Release|x64.ActiveCfg = Release|Any CPU
		{1527C4D3-3CC9-4ABD-A957-15840B5737C1}.Release|x64.Build.0 = Release|Any CPU
		{1527C4D3-3CC9-4ABD-A957-15840B5737C1}.Release|x86.ActiveCfg = Release|Any CPU
		{1527C4D3-3CC9-4ABD-A957-15840B5737C1}.Release|x86.Build.0 = Release|Any CPU
		{6BF4C6FE-DEA1-476F-84AC-8C052E69AFB8}.Debug|Any CPU.ActiveCfg = Debug|Any CPU
		{6BF4C6FE-DEA1-476F-84AC-8C052E69AFB8}.Debug|Any CPU.Build.0 = Debug|Any CPU
		{6BF4C6FE-DEA1-476F-84AC-8C052E69AFB8}.Debug|x64.ActiveCfg = Debug|Any CPU
		{6BF4C6FE-DEA1-476F-84AC-8C052E69AFB8}.Debug|x64.Build.0 = Debug|Any CPU
		{6BF4C6FE-DEA1-476F-84AC-8C052E69AFB8}.Debug|x86.ActiveCfg = Debug|Any CPU
		{6BF4C6FE-DEA1-476F-84AC-8C052E69AFB8}.Debug|x86.Build.0 = Debug|Any CPU
		{6BF4C6FE-DEA1-476F-84AC-8C052E69AFB8}.Release|Any CPU.ActiveCfg = Release|Any CPU
		{6BF4C6FE-DEA1-476F-84AC-8C052E69AFB8}.Release|Any CPU.Build.0 = Release|Any CPU
		{6BF4C6FE-DEA1-476F-84AC-8C052E69AFB8}.Release|x64.ActiveCfg = Release|Any CPU
		{6BF4C6FE-DEA1-476F-84AC-8C052E69AFB8}.Release|x64.Build.0 = Release|Any CPU
		{6BF4C6FE-DEA1-476F-84AC-8C052E69AFB8}.Release|x86.ActiveCfg = Release|Any CPU
		{6BF4C6FE-DEA1-476F-84AC-8C052E69AFB8}.Release|x86.Build.0 = Release|Any CPU
		{C0466A06-66BB-44E4-AE42-445F377938BE}.Debug|Any CPU.ActiveCfg = Debug|Any CPU
		{C0466A06-66BB-44E4-AE42-445F377938BE}.Debug|Any CPU.Build.0 = Debug|Any CPU
		{C0466A06-66BB-44E4-AE42-445F377938BE}.Debug|x64.ActiveCfg = Debug|Any CPU
		{C0466A06-66BB-44E4-AE42-445F377938BE}.Debug|x64.Build.0 = Debug|Any CPU
		{C0466A06-66BB-44E4-AE42-445F377938BE}.Debug|x86.ActiveCfg = Debug|Any CPU
		{C0466A06-66BB-44E4-AE42-445F377938BE}.Debug|x86.Build.0 = Debug|Any CPU
		{C0466A06-66BB-44E4-AE42-445F377938BE}.Release|Any CPU.ActiveCfg = Release|Any CPU
		{C0466A06-66BB-44E4-AE42-445F377938BE}.Release|Any CPU.Build.0 = Release|Any CPU
		{C0466A06-66BB-44E4-AE42-445F377938BE}.Release|x64.ActiveCfg = Release|Any CPU
		{C0466A06-66BB-44E4-AE42-445F377938BE}.Release|x64.Build.0 = Release|Any CPU
		{C0466A06-66BB-44E4-AE42-445F377938BE}.Release|x86.ActiveCfg = Release|Any CPU
		{C0466A06-66BB-44E4-AE42-445F377938BE}.Release|x86.Build.0 = Release|Any CPU
		{95C8EACA-5D16-42B9-A93B-49BBD7EDBC79}.Debug|Any CPU.ActiveCfg = Debug|Any CPU
		{95C8EACA-5D16-42B9-A93B-49BBD7EDBC79}.Debug|Any CPU.Build.0 = Debug|Any CPU
		{95C8EACA-5D16-42B9-A93B-49BBD7EDBC79}.Debug|x64.ActiveCfg = Debug|Any CPU
		{95C8EACA-5D16-42B9-A93B-49BBD7EDBC79}.Debug|x64.Build.0 = Debug|Any CPU
		{95C8EACA-5D16-42B9-A93B-49BBD7EDBC79}.Debug|x86.ActiveCfg = Debug|Any CPU
		{95C8EACA-5D16-42B9-A93B-49BBD7EDBC79}.Debug|x86.Build.0 = Debug|Any CPU
		{95C8EACA-5D16-42B9-A93B-49BBD7EDBC79}.Release|Any CPU.ActiveCfg = Release|Any CPU
		{95C8EACA-5D16-42B9-A93B-49BBD7EDBC79}.Release|Any CPU.Build.0 = Release|Any CPU
		{95C8EACA-5D16-42B9-A93B-49BBD7EDBC79}.Release|x64.ActiveCfg = Release|Any CPU
		{95C8EACA-5D16-42B9-A93B-49BBD7EDBC79}.Release|x64.Build.0 = Release|Any CPU
		{95C8EACA-5D16-42B9-A93B-49BBD7EDBC79}.Release|x86.ActiveCfg = Release|Any CPU
		{95C8EACA-5D16-42B9-A93B-49BBD7EDBC79}.Release|x86.Build.0 = Release|Any CPU
		{FB18E9F1-70E7-448E-B7B5-342D336C1C73}.Debug|Any CPU.ActiveCfg = Debug|Any CPU
		{FB18E9F1-70E7-448E-B7B5-342D336C1C73}.Debug|Any CPU.Build.0 = Debug|Any CPU
		{FB18E9F1-70E7-448E-B7B5-342D336C1C73}.Debug|x64.ActiveCfg = Debug|Any CPU
		{FB18E9F1-70E7-448E-B7B5-342D336C1C73}.Debug|x64.Build.0 = Debug|Any CPU
		{FB18E9F1-70E7-448E-B7B5-342D336C1C73}.Debug|x86.ActiveCfg = Debug|Any CPU
		{FB18E9F1-70E7-448E-B7B5-342D336C1C73}.Debug|x86.Build.0 = Debug|Any CPU
		{FB18E9F1-70E7-448E-B7B5-342D336C1C73}.Release|Any CPU.ActiveCfg = Release|Any CPU
		{FB18E9F1-70E7-448E-B7B5-342D336C1C73}.Release|Any CPU.Build.0 = Release|Any CPU
		{FB18E9F1-70E7-448E-B7B5-342D336C1C73}.Release|x64.ActiveCfg = Release|Any CPU
		{FB18E9F1-70E7-448E-B7B5-342D336C1C73}.Release|x64.Build.0 = Release|Any CPU
		{FB18E9F1-70E7-448E-B7B5-342D336C1C73}.Release|x86.ActiveCfg = Release|Any CPU
		{FB18E9F1-70E7-448E-B7B5-342D336C1C73}.Release|x86.Build.0 = Release|Any CPU
		{7A2637D3-1CC1-4914-BFE6-042053B27316}.Debug|Any CPU.ActiveCfg = Debug|Any CPU
		{7A2637D3-1CC1-4914-BFE6-042053B27316}.Debug|Any CPU.Build.0 = Debug|Any CPU
		{7A2637D3-1CC1-4914-BFE6-042053B27316}.Debug|x64.ActiveCfg = Debug|Any CPU
		{7A2637D3-1CC1-4914-BFE6-042053B27316}.Debug|x64.Build.0 = Debug|Any CPU
		{7A2637D3-1CC1-4914-BFE6-042053B27316}.Debug|x86.ActiveCfg = Debug|Any CPU
		{7A2637D3-1CC1-4914-BFE6-042053B27316}.Debug|x86.Build.0 = Debug|Any CPU
		{7A2637D3-1CC1-4914-BFE6-042053B27316}.Release|Any CPU.ActiveCfg = Release|Any CPU
		{7A2637D3-1CC1-4914-BFE6-042053B27316}.Release|Any CPU.Build.0 = Release|Any CPU
		{7A2637D3-1CC1-4914-BFE6-042053B27316}.Release|x64.ActiveCfg = Release|Any CPU
		{7A2637D3-1CC1-4914-BFE6-042053B27316}.Release|x64.Build.0 = Release|Any CPU
		{7A2637D3-1CC1-4914-BFE6-042053B27316}.Release|x86.ActiveCfg = Release|Any CPU
		{7A2637D3-1CC1-4914-BFE6-042053B27316}.Release|x86.Build.0 = Release|Any CPU
		{81CA44B2-AAAE-49EA-9444-12342E7DE6AF}.Debug|Any CPU.ActiveCfg = Debug|Any CPU
		{81CA44B2-AAAE-49EA-9444-12342E7DE6AF}.Debug|Any CPU.Build.0 = Debug|Any CPU
		{81CA44B2-AAAE-49EA-9444-12342E7DE6AF}.Debug|x64.ActiveCfg = Debug|Any CPU
		{81CA44B2-AAAE-49EA-9444-12342E7DE6AF}.Debug|x64.Build.0 = Debug|Any CPU
		{81CA44B2-AAAE-49EA-9444-12342E7DE6AF}.Debug|x86.ActiveCfg = Debug|Any CPU
		{81CA44B2-AAAE-49EA-9444-12342E7DE6AF}.Debug|x86.Build.0 = Debug|Any CPU
		{81CA44B2-AAAE-49EA-9444-12342E7DE6AF}.Release|Any CPU.ActiveCfg = Release|Any CPU
		{81CA44B2-AAAE-49EA-9444-12342E7DE6AF}.Release|Any CPU.Build.0 = Release|Any CPU
		{81CA44B2-AAAE-49EA-9444-12342E7DE6AF}.Release|x64.ActiveCfg = Release|Any CPU
		{81CA44B2-AAAE-49EA-9444-12342E7DE6AF}.Release|x64.Build.0 = Release|Any CPU
		{81CA44B2-AAAE-49EA-9444-12342E7DE6AF}.Release|x86.ActiveCfg = Release|Any CPU
		{81CA44B2-AAAE-49EA-9444-12342E7DE6AF}.Release|x86.Build.0 = Release|Any CPU
		{0E7FEEAF-CF0F-43D9-8D50-D496F3EEDFA8}.Debug|Any CPU.ActiveCfg = Debug|Any CPU
		{0E7FEEAF-CF0F-43D9-8D50-D496F3EEDFA8}.Debug|Any CPU.Build.0 = Debug|Any CPU
		{0E7FEEAF-CF0F-43D9-8D50-D496F3EEDFA8}.Debug|x64.ActiveCfg = Debug|Any CPU
		{0E7FEEAF-CF0F-43D9-8D50-D496F3EEDFA8}.Debug|x64.Build.0 = Debug|Any CPU
		{0E7FEEAF-CF0F-43D9-8D50-D496F3EEDFA8}.Debug|x86.ActiveCfg = Debug|Any CPU
		{0E7FEEAF-CF0F-43D9-8D50-D496F3EEDFA8}.Debug|x86.Build.0 = Debug|Any CPU
		{0E7FEEAF-CF0F-43D9-8D50-D496F3EEDFA8}.Release|Any CPU.ActiveCfg = Release|Any CPU
		{0E7FEEAF-CF0F-43D9-8D50-D496F3EEDFA8}.Release|Any CPU.Build.0 = Release|Any CPU
		{0E7FEEAF-CF0F-43D9-8D50-D496F3EEDFA8}.Release|x64.ActiveCfg = Release|Any CPU
		{0E7FEEAF-CF0F-43D9-8D50-D496F3EEDFA8}.Release|x64.Build.0 = Release|Any CPU
		{0E7FEEAF-CF0F-43D9-8D50-D496F3EEDFA8}.Release|x86.ActiveCfg = Release|Any CPU
		{0E7FEEAF-CF0F-43D9-8D50-D496F3EEDFA8}.Release|x86.Build.0 = Release|Any CPU
	EndGlobalSection
	GlobalSection(SolutionProperties) = preSolution
		HideSolutionNode = FALSE
	EndGlobalSection
	GlobalSection(NestedProjects) = preSolution
		{C8321AF1-A5EE-45E3-8A99-4464C81AA763} = {8171D0AE-4262-3EAB-52BD-BB021CE126C4}
	EndGlobalSection
EndGlobal
